// !$*UTF8*$!
{
	archiveVersion = 1;
	classes = {
	};
	objectVersion = 51;
	objects = {

/* Begin PBXBuildFile section */
		0A10EEA095B46D0EE8B0BD07 /* Pods_ThreeDays.framework in Frameworks */ = {isa = PBXBuildFile; fileRef = 77A516C04DE7912FAC46D66A /* Pods_ThreeDays.framework */; };
		4406D539265012C400F9183E /* DayListView.swift in Sources */ = {isa = PBXBuildFile; fileRef = 4406D538265012C400F9183E /* DayListView.swift */; };
		440C95C5265A4C91002BB5AD /* ThreeDays.xcdatamodeld in Sources */ = {isa = PBXBuildFile; fileRef = 440C95C3265A4C91002BB5AD /* ThreeDays.xcdatamodeld */; };
		440E78ED2643E60300105EB7 /* BlurView.swift in Sources */ = {isa = PBXBuildFile; fileRef = 440E78EC2643E60300105EB7 /* BlurView.swift */; };
		440E78FD26440E1E00105EB7 /* APIService.swift in Sources */ = {isa = PBXBuildFile; fileRef = 440E78FC26440E1E00105EB7 /* APIService.swift */; };
		440E78FF2644CCF600105EB7 /* WeatherNowModel.swift in Sources */ = {isa = PBXBuildFile; fileRef = 440E78FE2644CCF600105EB7 /* WeatherNowModel.swift */; };
		441526C3265C93D200FD0700 /* Theme.swift in Sources */ = {isa = PBXBuildFile; fileRef = 441526C2265C93D200FD0700 /* Theme.swift */; };
		441F2C6B26628232003828DB /* weather-day-snow.json in Resources */ = {isa = PBXBuildFile; fileRef = 441F2C5826628231003828DB /* weather-day-snow.json */; };
		441F2C6C26628232003828DB /* weather-day-mist.json in Resources */ = {isa = PBXBuildFile; fileRef = 441F2C5926628231003828DB /* weather-day-mist.json */; };
		441F2C6D26628232003828DB /* weather-day-rain.json in Resources */ = {isa = PBXBuildFile; fileRef = 441F2C5A26628231003828DB /* weather-day-rain.json */; };
		441F2C6E26628232003828DB /* weather-night-scattered-clouds.json in Resources */ = {isa = PBXBuildFile; fileRef = 441F2C5B26628231003828DB /* weather-night-scattered-clouds.json */; };
		441F2C6F26628232003828DB /* weather-night-snow.json in Resources */ = {isa = PBXBuildFile; fileRef = 441F2C5C26628231003828DB /* weather-night-snow.json */; };
		441F2C7026628232003828DB /* weather-day-wind.json in Resources */ = {isa = PBXBuildFile; fileRef = 441F2C5D26628231003828DB /* weather-day-wind.json */; };
		441F2C7126628232003828DB /* weather-day-thunderstorm.json in Resources */ = {isa = PBXBuildFile; fileRef = 441F2C5E26628231003828DB /* weather-day-thunderstorm.json */; };
		441F2C7226628232003828DB /* weather-night-thunderstorm.json in Resources */ = {isa = PBXBuildFile; fileRef = 441F2C5F26628231003828DB /* weather-night-thunderstorm.json */; };
		441F2C7326628232003828DB /* loading-day.json in Resources */ = {isa = PBXBuildFile; fileRef = 441F2C6026628231003828DB /* loading-day.json */; };
		441F2C7426628232003828DB /* weather-day-few-clouds.json in Resources */ = {isa = PBXBuildFile; fileRef = 441F2C6126628231003828DB /* weather-day-few-clouds.json */; };
		441F2C7526628232003828DB /* weather-day-shower-rains.json in Resources */ = {isa = PBXBuildFile; fileRef = 441F2C6226628232003828DB /* weather-day-shower-rains.json */; };
		441F2C7626628232003828DB /* weather-night-shower-rains.json in Resources */ = {isa = PBXBuildFile; fileRef = 441F2C6326628232003828DB /* weather-night-shower-rains.json */; };
		441F2C7726628232003828DB /* weather-night-clear-sky.json in Resources */ = {isa = PBXBuildFile; fileRef = 441F2C6426628232003828DB /* weather-night-clear-sky.json */; };
		441F2C7826628232003828DB /* weather-night-few-clouds.json in Resources */ = {isa = PBXBuildFile; fileRef = 441F2C6526628232003828DB /* weather-night-few-clouds.json */; };
		441F2C7926628232003828DB /* weather-night-mist.json in Resources */ = {isa = PBXBuildFile; fileRef = 441F2C6626628232003828DB /* weather-night-mist.json */; };
		441F2C7A26628232003828DB /* loading-night.json in Resources */ = {isa = PBXBuildFile; fileRef = 441F2C6726628232003828DB /* loading-night.json */; };
		441F2C7B26628232003828DB /* weather-day-scattered-clouds.json in Resources */ = {isa = PBXBuildFile; fileRef = 441F2C6826628232003828DB /* weather-day-scattered-clouds.json */; };
		441F2C7C26628232003828DB /* weather-night-wind.json in Resources */ = {isa = PBXBuildFile; fileRef = 441F2C6926628232003828DB /* weather-night-wind.json */; };
		441F2C7D26628232003828DB /* weather-day-clear-sky.json in Resources */ = {isa = PBXBuildFile; fileRef = 441F2C6A26628232003828DB /* weather-day-clear-sky.json */; };
		441F2C7E26628258003828DB /* weather-night-clear-sky.json in Resources */ = {isa = PBXBuildFile; fileRef = 441F2C6426628232003828DB /* weather-night-clear-sky.json */; };
		441F2C7F26628258003828DB /* weather-day-clear-sky.json in Resources */ = {isa = PBXBuildFile; fileRef = 441F2C6A26628232003828DB /* weather-day-clear-sky.json */; };
		441F2C8026628258003828DB /* loading-day.json in Resources */ = {isa = PBXBuildFile; fileRef = 441F2C6026628231003828DB /* loading-day.json */; };
		441F2C8126628258003828DB /* weather-day-thunderstorm.json in Resources */ = {isa = PBXBuildFile; fileRef = 441F2C5E26628231003828DB /* weather-day-thunderstorm.json */; };
		441F2C8226628258003828DB /* weather-night-shower-rains.json in Resources */ = {isa = PBXBuildFile; fileRef = 441F2C6326628232003828DB /* weather-night-shower-rains.json */; };
		441F2C8326628258003828DB /* weather-night-snow.json in Resources */ = {isa = PBXBuildFile; fileRef = 441F2C5C26628231003828DB /* weather-night-snow.json */; };
		441F2C8426628258003828DB /* weather-night-scattered-clouds.json in Resources */ = {isa = PBXBuildFile; fileRef = 441F2C5B26628231003828DB /* weather-night-scattered-clouds.json */; };
		441F2C8526628258003828DB /* weather-day-scattered-clouds.json in Resources */ = {isa = PBXBuildFile; fileRef = 441F2C6826628232003828DB /* weather-day-scattered-clouds.json */; };
		441F2C8626628258003828DB /* weather-day-mist.json in Resources */ = {isa = PBXBuildFile; fileRef = 441F2C5926628231003828DB /* weather-day-mist.json */; };
		441F2C8726628258003828DB /* weather-night-few-clouds.json in Resources */ = {isa = PBXBuildFile; fileRef = 441F2C6526628232003828DB /* weather-night-few-clouds.json */; };
		441F2C8826628258003828DB /* weather-day-few-clouds.json in Resources */ = {isa = PBXBuildFile; fileRef = 441F2C6126628231003828DB /* weather-day-few-clouds.json */; };
		441F2C8926628258003828DB /* weather-night-mist.json in Resources */ = {isa = PBXBuildFile; fileRef = 441F2C6626628232003828DB /* weather-night-mist.json */; };
		441F2C8A26628258003828DB /* weather-day-snow.json in Resources */ = {isa = PBXBuildFile; fileRef = 441F2C5826628231003828DB /* weather-day-snow.json */; };
		441F2C8B26628258003828DB /* weather-day-wind.json in Resources */ = {isa = PBXBuildFile; fileRef = 441F2C5D26628231003828DB /* weather-day-wind.json */; };
		441F2C8C26628258003828DB /* weather-night-thunderstorm.json in Resources */ = {isa = PBXBuildFile; fileRef = 441F2C5F26628231003828DB /* weather-night-thunderstorm.json */; };
		441F2C8D26628258003828DB /* weather-day-rain.json in Resources */ = {isa = PBXBuildFile; fileRef = 441F2C5A26628231003828DB /* weather-day-rain.json */; };
		441F2C8E26628258003828DB /* weather-day-shower-rains.json in Resources */ = {isa = PBXBuildFile; fileRef = 441F2C6226628232003828DB /* weather-day-shower-rains.json */; };
		441F2C8F26628258003828DB /* loading-night.json in Resources */ = {isa = PBXBuildFile; fileRef = 441F2C6726628232003828DB /* loading-night.json */; };
		441F2C9026628258003828DB /* weather-night-wind.json in Resources */ = {isa = PBXBuildFile; fileRef = 441F2C6926628232003828DB /* weather-night-wind.json */; };
		442B0AB1264E6F0800E6B6D7 /* WeatherView.swift in Sources */ = {isa = PBXBuildFile; fileRef = 442B0AB0264E6F0800E6B6D7 /* WeatherView.swift */; };
		44376C3D2660CB870051C145 /* SourceHanSerifCN-SemiBold.otf in Resources */ = {isa = PBXBuildFile; fileRef = 44376C3C2660CB870051C145 /* SourceHanSerifCN-SemiBold.otf */; };
		44453BA3265B62C50060EFD7 /* PlaceListViewModel.swift in Sources */ = {isa = PBXBuildFile; fileRef = 44453BA2265B62C50060EFD7 /* PlaceListViewModel.swift */; };
		4445862D2647B2CB007E87C3 /* WeatherViewModel.swift in Sources */ = {isa = PBXBuildFile; fileRef = 4445862C2647B2CB007E87C3 /* WeatherViewModel.swift */; };
		44458935265B95040060D666 /* full-place.csv in Resources */ = {isa = PBXBuildFile; fileRef = 44458934265B95040060D666 /* full-place.csv */; };
		4453CA612667691800C5DECB /* WeatherHourlyModel.swift in Sources */ = {isa = PBXBuildFile; fileRef = 4453CA602667691800C5DECB /* WeatherHourlyModel.swift */; };
		4453CA622667691800C5DECB /* WeatherHourlyModel.swift in Sources */ = {isa = PBXBuildFile; fileRef = 4453CA602667691800C5DECB /* WeatherHourlyModel.swift */; };
		446B2C852663C1870032F83C /* release.plist in Resources */ = {isa = PBXBuildFile; fileRef = 446B2C842663C1870032F83C /* release.plist */; };
		449D3E18263AF3B10095DC12 /* ThreeDaysApp.swift in Sources */ = {isa = PBXBuildFile; fileRef = 449D3E17263AF3B10095DC12 /* ThreeDaysApp.swift */; };
		449D3E1A263AF3B10095DC12 /* ContentView.swift in Sources */ = {isa = PBXBuildFile; fileRef = 449D3E19263AF3B10095DC12 /* ContentView.swift */; };
		449D3E1C263AF3B20095DC12 /* Assets.xcassets in Resources */ = {isa = PBXBuildFile; fileRef = 449D3E1B263AF3B20095DC12 /* Assets.xcassets */; };
		449D3E1F263AF3B20095DC12 /* Preview Assets.xcassets in Resources */ = {isa = PBXBuildFile; fileRef = 449D3E1E263AF3B20095DC12 /* Preview Assets.xcassets */; };
		44B1CDDE2657B8E800DC5502 /* PersistenceService.swift in Sources */ = {isa = PBXBuildFile; fileRef = 44B1CDDD2657B8E800DC5502 /* PersistenceService.swift */; };
		44B1CDE02657FD8700DC5502 /* PlaceSearchView.swift in Sources */ = {isa = PBXBuildFile; fileRef = 44B1CDDF2657FD8700DC5502 /* PlaceSearchView.swift */; };
		44B1CDE2265805FB00DC5502 /* PlaceSearchViewModel.swift in Sources */ = {isa = PBXBuildFile; fileRef = 44B1CDE1265805FB00DC5502 /* PlaceSearchViewModel.swift */; };
		44B4A5D4265F3F2500D9101D /* LaunchView.swift in Sources */ = {isa = PBXBuildFile; fileRef = 44B4A5D3265F3F2500D9101D /* LaunchView.swift */; };
		44B8C5FC2665BFEC00066AAF /* Description.swift in Sources */ = {isa = PBXBuildFile; fileRef = 44B8C5FB2665BFEC00066AAF /* Description.swift */; };
		44B8C5FD2665BFEC00066AAF /* Description.swift in Sources */ = {isa = PBXBuildFile; fileRef = 44B8C5FB2665BFEC00066AAF /* Description.swift */; };
		44B8C6002665C3F900066AAF /* PlaceView.swift in Sources */ = {isa = PBXBuildFile; fileRef = 44B8C5FF2665C3F900066AAF /* PlaceView.swift */; };
		44B8C6012665C3F900066AAF /* PlaceView.swift in Sources */ = {isa = PBXBuildFile; fileRef = 44B8C5FF2665C3F900066AAF /* PlaceView.swift */; };
		44B8C6032665C43300066AAF /* DayView.swift in Sources */ = {isa = PBXBuildFile; fileRef = 44B8C6022665C43300066AAF /* DayView.swift */; };
		44B8C6042665C43300066AAF /* DayView.swift in Sources */ = {isa = PBXBuildFile; fileRef = 44B8C6022665C43300066AAF /* DayView.swift */; };
		44B8C6062665C67B00066AAF /* ChinaPlace.swift in Sources */ = {isa = PBXBuildFile; fileRef = 44B8C6052665C67B00066AAF /* ChinaPlace.swift */; };
		44B8C6072665C67B00066AAF /* ChinaPlace.swift in Sources */ = {isa = PBXBuildFile; fileRef = 44B8C6052665C67B00066AAF /* ChinaPlace.swift */; };
		44B8C6092665C84900066AAF /* China-Place-List.csv in Resources */ = {isa = PBXBuildFile; fileRef = 44B8C6082665C84900066AAF /* China-Place-List.csv */; };
		44B8C60A2665C84900066AAF /* China-Place-List.csv in Resources */ = {isa = PBXBuildFile; fileRef = 44B8C6082665C84900066AAF /* China-Place-List.csv */; };
		44B8C60C2665D89800066AAF /* WeatherDailyModel.swift in Sources */ = {isa = PBXBuildFile; fileRef = 44B8C60B2665D89800066AAF /* WeatherDailyModel.swift */; };
		44B8C60D2665D89800066AAF /* WeatherDailyModel.swift in Sources */ = {isa = PBXBuildFile; fileRef = 44B8C60B2665D89800066AAF /* WeatherDailyModel.swift */; };
		44C727E026463FF600F83303 /* LocationService.swift in Sources */ = {isa = PBXBuildFile; fileRef = 44C727DF26463FF600F83303 /* LocationService.swift */; };
		44C727E226465FF100F83303 /* NetworkService.swift in Sources */ = {isa = PBXBuildFile; fileRef = 44C727E126465FF100F83303 /* NetworkService.swift */; };
		44CEEAFE2662359300518FEC /* PlaceSearchViewModel.swift in Sources */ = {isa = PBXBuildFile; fileRef = 44B1CDE1265805FB00DC5502 /* PlaceSearchViewModel.swift */; };
		44CEEAFF2662359300518FEC /* LaunchView.swift in Sources */ = {isa = PBXBuildFile; fileRef = 44B4A5D3265F3F2500D9101D /* LaunchView.swift */; };
		44CEEB002662359300518FEC /* WeatherViewModel.swift in Sources */ = {isa = PBXBuildFile; fileRef = 4445862C2647B2CB007E87C3 /* WeatherViewModel.swift */; };
		44CEEB012662359300518FEC /* APIService.swift in Sources */ = {isa = PBXBuildFile; fileRef = 440E78FC26440E1E00105EB7 /* APIService.swift */; };
		44CEEB022662359300518FEC /* DayListView.swift in Sources */ = {isa = PBXBuildFile; fileRef = 4406D538265012C400F9183E /* DayListView.swift */; };
		44CEEB032662359300518FEC /* ContentView.swift in Sources */ = {isa = PBXBuildFile; fileRef = 449D3E19263AF3B10095DC12 /* ContentView.swift */; };
		44CEEB042662359300518FEC /* BlurView.swift in Sources */ = {isa = PBXBuildFile; fileRef = 440E78EC2643E60300105EB7 /* BlurView.swift */; };
		44CEEB062662359300518FEC /* WeatherView.swift in Sources */ = {isa = PBXBuildFile; fileRef = 442B0AB0264E6F0800E6B6D7 /* WeatherView.swift */; };
		44CEEB072662359300518FEC /* LocationService.swift in Sources */ = {isa = PBXBuildFile; fileRef = 44C727DF26463FF600F83303 /* LocationService.swift */; };
		44CEEB082662359300518FEC /* NetworkService.swift in Sources */ = {isa = PBXBuildFile; fileRef = 44C727E126465FF100F83303 /* NetworkService.swift */; };
		44CEEB092662359300518FEC /* ThreeDays.xcdatamodeld in Sources */ = {isa = PBXBuildFile; fileRef = 440C95C3265A4C91002BB5AD /* ThreeDays.xcdatamodeld */; };
		44CEEB0A2662359300518FEC /* PlaceListViewModel.swift in Sources */ = {isa = PBXBuildFile; fileRef = 44453BA2265B62C50060EFD7 /* PlaceListViewModel.swift */; };
		44CEEB0B2662359300518FEC /* PlaceSearchView.swift in Sources */ = {isa = PBXBuildFile; fileRef = 44B1CDDF2657FD8700DC5502 /* PlaceSearchView.swift */; };
		44CEEB0C2662359300518FEC /* ThreeDaysApp.swift in Sources */ = {isa = PBXBuildFile; fileRef = 449D3E17263AF3B10095DC12 /* ThreeDaysApp.swift */; };
		44CEEB0D2662359300518FEC /* PersistenceService.swift in Sources */ = {isa = PBXBuildFile; fileRef = 44B1CDDD2657B8E800DC5502 /* PersistenceService.swift */; };
		44CEEB0E2662359300518FEC /* WeatherNowModel.swift in Sources */ = {isa = PBXBuildFile; fileRef = 440E78FE2644CCF600105EB7 /* WeatherNowModel.swift */; };
		44CEEB0F2662359300518FEC /* Theme.swift in Sources */ = {isa = PBXBuildFile; fileRef = 441526C2265C93D200FD0700 /* Theme.swift */; };
		44CEEB102662359300518FEC /* LottieView.swift in Sources */ = {isa = PBXBuildFile; fileRef = 44FEBAEC264392EB00DD785C /* LottieView.swift */; };
		44CEEB112662359300518FEC /* PlaceListView.swift in Sources */ = {isa = PBXBuildFile; fileRef = 44F999172652702A00F6D646 /* PlaceListView.swift */; };
		44CEEB132662359300518FEC /* Pods_ThreeDays.framework in Frameworks */ = {isa = PBXBuildFile; fileRef = 77A516C04DE7912FAC46D66A /* Pods_ThreeDays.framework */; };
		44CEEB172662359300518FEC /* Preview Assets.xcassets in Resources */ = {isa = PBXBuildFile; fileRef = 449D3E1E263AF3B20095DC12 /* Preview Assets.xcassets */; };
		44CEEB1E2662359300518FEC /* full-place.csv in Resources */ = {isa = PBXBuildFile; fileRef = 44458934265B95040060D666 /* full-place.csv */; };
		44CEEB202662359300518FEC /* SourceHanSerifCN-SemiBold.otf in Resources */ = {isa = PBXBuildFile; fileRef = 44376C3C2660CB870051C145 /* SourceHanSerifCN-SemiBold.otf */; };
		44CEEB282662359300518FEC /* Assets.xcassets in Resources */ = {isa = PBXBuildFile; fileRef = 449D3E1B263AF3B20095DC12 /* Assets.xcassets */; };
		44F999182652702A00F6D646 /* PlaceListView.swift in Sources */ = {isa = PBXBuildFile; fileRef = 44F999172652702A00F6D646 /* PlaceListView.swift */; };
		44FEBAED264392EB00DD785C /* LottieView.swift in Sources */ = {isa = PBXBuildFile; fileRef = 44FEBAEC264392EB00DD785C /* LottieView.swift */; };
/* End PBXBuildFile section */

/* Begin PBXFileReference section */
		3BB50EAA629702D42777EEA3 /* Pods-ThreeDays.release.xcconfig */ = {isa = PBXFileReference; includeInIndex = 1; lastKnownFileType = text.xcconfig; name = "Pods-ThreeDays.release.xcconfig"; path = "Target Support Files/Pods-ThreeDays/Pods-ThreeDays.release.xcconfig"; sourceTree = "<group>"; };
		4406D538265012C400F9183E /* DayListView.swift */ = {isa = PBXFileReference; lastKnownFileType = sourcecode.swift; path = DayListView.swift; sourceTree = "<group>"; };
		440C95C4265A4C91002BB5AD /* ThreeDays.xcdatamodel */ = {isa = PBXFileReference; lastKnownFileType = wrapper.xcdatamodel; path = ThreeDays.xcdatamodel; sourceTree = "<group>"; };
		440E78EC2643E60300105EB7 /* BlurView.swift */ = {isa = PBXFileReference; lastKnownFileType = sourcecode.swift; path = BlurView.swift; sourceTree = "<group>"; };
		440E78FC26440E1E00105EB7 /* APIService.swift */ = {isa = PBXFileReference; lastKnownFileType = sourcecode.swift; path = APIService.swift; sourceTree = "<group>"; };
		440E78FE2644CCF600105EB7 /* WeatherNowModel.swift */ = {isa = PBXFileReference; lastKnownFileType = sourcecode.swift; path = WeatherNowModel.swift; sourceTree = "<group>"; };
		441526C2265C93D200FD0700 /* Theme.swift */ = {isa = PBXFileReference; lastKnownFileType = sourcecode.swift; path = Theme.swift; sourceTree = "<group>"; };
		441F2C5826628231003828DB /* weather-day-snow.json */ = {isa = PBXFileReference; fileEncoding = 4; lastKnownFileType = text.json; path = "weather-day-snow.json"; sourceTree = "<group>"; };
		441F2C5926628231003828DB /* weather-day-mist.json */ = {isa = PBXFileReference; fileEncoding = 4; lastKnownFileType = text.json; path = "weather-day-mist.json"; sourceTree = "<group>"; };
		441F2C5A26628231003828DB /* weather-day-rain.json */ = {isa = PBXFileReference; fileEncoding = 4; lastKnownFileType = text.json; path = "weather-day-rain.json"; sourceTree = "<group>"; };
		441F2C5B26628231003828DB /* weather-night-scattered-clouds.json */ = {isa = PBXFileReference; fileEncoding = 4; lastKnownFileType = text.json; path = "weather-night-scattered-clouds.json"; sourceTree = "<group>"; };
		441F2C5C26628231003828DB /* weather-night-snow.json */ = {isa = PBXFileReference; fileEncoding = 4; lastKnownFileType = text.json; path = "weather-night-snow.json"; sourceTree = "<group>"; };
		441F2C5D26628231003828DB /* weather-day-wind.json */ = {isa = PBXFileReference; fileEncoding = 4; lastKnownFileType = text.json; path = "weather-day-wind.json"; sourceTree = "<group>"; };
		441F2C5E26628231003828DB /* weather-day-thunderstorm.json */ = {isa = PBXFileReference; fileEncoding = 4; lastKnownFileType = text.json; path = "weather-day-thunderstorm.json"; sourceTree = "<group>"; };
		441F2C5F26628231003828DB /* weather-night-thunderstorm.json */ = {isa = PBXFileReference; fileEncoding = 4; lastKnownFileType = text.json; path = "weather-night-thunderstorm.json"; sourceTree = "<group>"; };
		441F2C6026628231003828DB /* loading-day.json */ = {isa = PBXFileReference; fileEncoding = 4; lastKnownFileType = text.json; path = "loading-day.json"; sourceTree = "<group>"; };
		441F2C6126628231003828DB /* weather-day-few-clouds.json */ = {isa = PBXFileReference; fileEncoding = 4; lastKnownFileType = text.json; path = "weather-day-few-clouds.json"; sourceTree = "<group>"; };
		441F2C6226628232003828DB /* weather-day-shower-rains.json */ = {isa = PBXFileReference; fileEncoding = 4; lastKnownFileType = text.json; path = "weather-day-shower-rains.json"; sourceTree = "<group>"; };
		441F2C6326628232003828DB /* weather-night-shower-rains.json */ = {isa = PBXFileReference; fileEncoding = 4; lastKnownFileType = text.json; path = "weather-night-shower-rains.json"; sourceTree = "<group>"; };
		441F2C6426628232003828DB /* weather-night-clear-sky.json */ = {isa = PBXFileReference; fileEncoding = 4; lastKnownFileType = text.json; path = "weather-night-clear-sky.json"; sourceTree = "<group>"; };
		441F2C6526628232003828DB /* weather-night-few-clouds.json */ = {isa = PBXFileReference; fileEncoding = 4; lastKnownFileType = text.json; path = "weather-night-few-clouds.json"; sourceTree = "<group>"; };
		441F2C6626628232003828DB /* weather-night-mist.json */ = {isa = PBXFileReference; fileEncoding = 4; lastKnownFileType = text.json; path = "weather-night-mist.json"; sourceTree = "<group>"; };
		441F2C6726628232003828DB /* loading-night.json */ = {isa = PBXFileReference; fileEncoding = 4; lastKnownFileType = text.json; path = "loading-night.json"; sourceTree = "<group>"; };
		441F2C6826628232003828DB /* weather-day-scattered-clouds.json */ = {isa = PBXFileReference; fileEncoding = 4; lastKnownFileType = text.json; path = "weather-day-scattered-clouds.json"; sourceTree = "<group>"; };
		441F2C6926628232003828DB /* weather-night-wind.json */ = {isa = PBXFileReference; fileEncoding = 4; lastKnownFileType = text.json; path = "weather-night-wind.json"; sourceTree = "<group>"; };
		441F2C6A26628232003828DB /* weather-day-clear-sky.json */ = {isa = PBXFileReference; fileEncoding = 4; lastKnownFileType = text.json; path = "weather-day-clear-sky.json"; sourceTree = "<group>"; };
		442B0AB0264E6F0800E6B6D7 /* WeatherView.swift */ = {isa = PBXFileReference; lastKnownFileType = sourcecode.swift; path = WeatherView.swift; sourceTree = "<group>"; };
		44376C3C2660CB870051C145 /* SourceHanSerifCN-SemiBold.otf */ = {isa = PBXFileReference; lastKnownFileType = file; path = "SourceHanSerifCN-SemiBold.otf"; sourceTree = "<group>"; };
		44453BA2265B62C50060EFD7 /* PlaceListViewModel.swift */ = {isa = PBXFileReference; lastKnownFileType = sourcecode.swift; path = PlaceListViewModel.swift; sourceTree = "<group>"; };
		4445862C2647B2CB007E87C3 /* WeatherViewModel.swift */ = {isa = PBXFileReference; lastKnownFileType = sourcecode.swift; path = WeatherViewModel.swift; sourceTree = "<group>"; };
		44458934265B95040060D666 /* full-place.csv */ = {isa = PBXFileReference; fileEncoding = 4; lastKnownFileType = text; path = "full-place.csv"; sourceTree = "<group>"; };
		4453CA602667691800C5DECB /* WeatherHourlyModel.swift */ = {isa = PBXFileReference; lastKnownFileType = sourcecode.swift; path = WeatherHourlyModel.swift; sourceTree = "<group>"; };
		446B2C842663C1870032F83C /* release.plist */ = {isa = PBXFileReference; fileEncoding = 4; lastKnownFileType = text.plist.xml; path = release.plist; sourceTree = "<group>"; };
		449D3E14263AF3B10095DC12 /* ThreeDays.app */ = {isa = PBXFileReference; explicitFileType = wrapper.application; includeInIndex = 0; path = ThreeDays.app; sourceTree = BUILT_PRODUCTS_DIR; };
		449D3E17263AF3B10095DC12 /* ThreeDaysApp.swift */ = {isa = PBXFileReference; lastKnownFileType = sourcecode.swift; path = ThreeDaysApp.swift; sourceTree = "<group>"; };
		449D3E19263AF3B10095DC12 /* ContentView.swift */ = {isa = PBXFileReference; lastKnownFileType = sourcecode.swift; path = ContentView.swift; sourceTree = "<group>"; };
		449D3E1B263AF3B20095DC12 /* Assets.xcassets */ = {isa = PBXFileReference; lastKnownFileType = folder.assetcatalog; path = Assets.xcassets; sourceTree = "<group>"; };
		449D3E1E263AF3B20095DC12 /* Preview Assets.xcassets */ = {isa = PBXFileReference; lastKnownFileType = folder.assetcatalog; path = "Preview Assets.xcassets"; sourceTree = "<group>"; };
		449D3E20263AF3B20095DC12 /* Info.plist */ = {isa = PBXFileReference; lastKnownFileType = text.plist.xml; path = Info.plist; sourceTree = "<group>"; };
		44B1CDDD2657B8E800DC5502 /* PersistenceService.swift */ = {isa = PBXFileReference; lastKnownFileType = sourcecode.swift; path = PersistenceService.swift; sourceTree = "<group>"; };
		44B1CDDF2657FD8700DC5502 /* PlaceSearchView.swift */ = {isa = PBXFileReference; lastKnownFileType = sourcecode.swift; path = PlaceSearchView.swift; sourceTree = "<group>"; };
		44B1CDE1265805FB00DC5502 /* PlaceSearchViewModel.swift */ = {isa = PBXFileReference; lastKnownFileType = sourcecode.swift; path = PlaceSearchViewModel.swift; sourceTree = "<group>"; };
		44B4A5D3265F3F2500D9101D /* LaunchView.swift */ = {isa = PBXFileReference; lastKnownFileType = sourcecode.swift; path = LaunchView.swift; sourceTree = "<group>"; };
		44B8C5FB2665BFEC00066AAF /* Description.swift */ = {isa = PBXFileReference; lastKnownFileType = sourcecode.swift; path = Description.swift; sourceTree = "<group>"; };
		44B8C5FF2665C3F900066AAF /* PlaceView.swift */ = {isa = PBXFileReference; lastKnownFileType = sourcecode.swift; path = PlaceView.swift; sourceTree = "<group>"; };
		44B8C6022665C43300066AAF /* DayView.swift */ = {isa = PBXFileReference; lastKnownFileType = sourcecode.swift; path = DayView.swift; sourceTree = "<group>"; };
		44B8C6052665C67B00066AAF /* ChinaPlace.swift */ = {isa = PBXFileReference; lastKnownFileType = sourcecode.swift; path = ChinaPlace.swift; sourceTree = "<group>"; };
		44B8C6082665C84900066AAF /* China-Place-List.csv */ = {isa = PBXFileReference; fileEncoding = 4; lastKnownFileType = text; path = "China-Place-List.csv"; sourceTree = "<group>"; };
		44B8C60B2665D89800066AAF /* WeatherDailyModel.swift */ = {isa = PBXFileReference; lastKnownFileType = sourcecode.swift; path = WeatherDailyModel.swift; sourceTree = "<group>"; };
		44C727DF26463FF600F83303 /* LocationService.swift */ = {isa = PBXFileReference; lastKnownFileType = sourcecode.swift; path = LocationService.swift; sourceTree = "<group>"; };
		44C727E126465FF100F83303 /* NetworkService.swift */ = {isa = PBXFileReference; lastKnownFileType = sourcecode.swift; path = NetworkService.swift; sourceTree = "<group>"; };
		44CEEB312662359300518FEC /* ThreeDays-Release.app */ = {isa = PBXFileReference; explicitFileType = wrapper.application; includeInIndex = 0; path = "ThreeDays-Release.app"; sourceTree = BUILT_PRODUCTS_DIR; };
		44F999172652702A00F6D646 /* PlaceListView.swift */ = {isa = PBXFileReference; lastKnownFileType = sourcecode.swift; path = PlaceListView.swift; sourceTree = "<group>"; };
		44FEBAEC264392EB00DD785C /* LottieView.swift */ = {isa = PBXFileReference; lastKnownFileType = sourcecode.swift; path = LottieView.swift; sourceTree = "<group>"; };
		6338727A07B14A491FD6F1E3 /* Pods-ThreeDays.debug.xcconfig */ = {isa = PBXFileReference; includeInIndex = 1; lastKnownFileType = text.xcconfig; name = "Pods-ThreeDays.debug.xcconfig"; path = "Target Support Files/Pods-ThreeDays/Pods-ThreeDays.debug.xcconfig"; sourceTree = "<group>"; };
		77A516C04DE7912FAC46D66A /* Pods_ThreeDays.framework */ = {isa = PBXFileReference; explicitFileType = wrapper.framework; includeInIndex = 0; path = Pods_ThreeDays.framework; sourceTree = BUILT_PRODUCTS_DIR; };
/* End PBXFileReference section */

/* Begin PBXFrameworksBuildPhase section */
		449D3E11263AF3B10095DC12 /* Frameworks */ = {
			isa = PBXFrameworksBuildPhase;
			buildActionMask = 2147483647;
			files = (
				0A10EEA095B46D0EE8B0BD07 /* Pods_ThreeDays.framework in Frameworks */,
			);
			runOnlyForDeploymentPostprocessing = 0;
		};
		44CEEB122662359300518FEC /* Frameworks */ = {
			isa = PBXFrameworksBuildPhase;
			buildActionMask = 2147483647;
			files = (
				44CEEB132662359300518FEC /* Pods_ThreeDays.framework in Frameworks */,
			);
			runOnlyForDeploymentPostprocessing = 0;
		};
/* End PBXFrameworksBuildPhase section */

/* Begin PBXGroup section */
		442B0AAF264E6EF200E6B6D7 /* UI */ = {
			isa = PBXGroup;
			children = (
				449D3E19263AF3B10095DC12 /* ContentView.swift */,
				44B8C5F82665BDA900066AAF /* Weather */,
				44B8C5F92665BDBB00066AAF /* Place */,
				44B8C5FE2665C3CB00066AAF /* Day */,
				4445862E2647B339007E87C3 /* Helper */,
			);
			path = UI;
			sourceTree = "<group>";
		};
		4445862E2647B339007E87C3 /* Helper */ = {
			isa = PBXGroup;
			children = (
				44FEBAEC264392EB00DD785C /* LottieView.swift */,
				440E78EC2643E60300105EB7 /* BlurView.swift */,
				44B4A5D3265F3F2500D9101D /* LaunchView.swift */,
			);
			path = Helper;
			sourceTree = "<group>";
		};
		44867D0C26595D9000BFFA51 /* Resources */ = {
			isa = PBXGroup;
			children = (
				449D3E1B263AF3B20095DC12 /* Assets.xcassets */,
				44FEBAEB2643929600DD785C /* Lottie */,
				44BD8DDC2643B82F00FD0A72 /* Fonts */,
				44458934265B95040060D666 /* full-place.csv */,
				44B8C6082665C84900066AAF /* China-Place-List.csv */,
			);
			path = Resources;
			sourceTree = "<group>";
		};
		449D3E0B263AF3B10095DC12 = {
			isa = PBXGroup;
			children = (
				449D3E16263AF3B10095DC12 /* ThreeDays */,
				449D3E15263AF3B10095DC12 /* Products */,
				EFBA9DBAC076B035134D4767 /* Pods */,
				6B6903C4C18C80AFC57DD431 /* Frameworks */,
			);
			sourceTree = "<group>";
		};
		449D3E15263AF3B10095DC12 /* Products */ = {
			isa = PBXGroup;
			children = (
				449D3E14263AF3B10095DC12 /* ThreeDays.app */,
				44CEEB312662359300518FEC /* ThreeDays-Release.app */,
			);
			name = Products;
			sourceTree = "<group>";
		};
		449D3E16263AF3B10095DC12 /* ThreeDays */ = {
			isa = PBXGroup;
			children = (
				449D3E17263AF3B10095DC12 /* ThreeDaysApp.swift */,
				442B0AAF264E6EF200E6B6D7 /* UI */,
				44C727E32647AA6500F83303 /* Service */,
				44C727E42647ADB800F83303 /* Model */,
				44B8C5FA2665BFA000066AAF /* Tools */,
				44867D0C26595D9000BFFA51 /* Resources */,
				440C95C3265A4C91002BB5AD /* ThreeDays.xcdatamodeld */,
				449D3E20263AF3B20095DC12 /* Info.plist */,
				446B2C842663C1870032F83C /* release.plist */,
				449D3E1D263AF3B20095DC12 /* Preview Content */,
			);
			path = ThreeDays;
			sourceTree = "<group>";
		};
		449D3E1D263AF3B20095DC12 /* Preview Content */ = {
			isa = PBXGroup;
			children = (
				449D3E1E263AF3B20095DC12 /* Preview Assets.xcassets */,
			);
			path = "Preview Content";
			sourceTree = "<group>";
		};
		44B8C5F82665BDA900066AAF /* Weather */ = {
			isa = PBXGroup;
			children = (
				4445862C2647B2CB007E87C3 /* WeatherViewModel.swift */,
				442B0AB0264E6F0800E6B6D7 /* WeatherView.swift */,
			);
			path = Weather;
			sourceTree = "<group>";
		};
		44B8C5F92665BDBB00066AAF /* Place */ = {
			isa = PBXGroup;
			children = (
				44B8C6112666035D00066AAF /* PlaceList */,
				44B8C6122666036500066AAF /* PlaceSearch */,
				44B8C5FF2665C3F900066AAF /* PlaceView.swift */,
			);
			path = Place;
			sourceTree = "<group>";
		};
		44B8C5FA2665BFA000066AAF /* Tools */ = {
			isa = PBXGroup;
			children = (
				441526C2265C93D200FD0700 /* Theme.swift */,
				44B8C5FB2665BFEC00066AAF /* Description.swift */,
				44B8C6052665C67B00066AAF /* ChinaPlace.swift */,
			);
			path = Tools;
			sourceTree = "<group>";
		};
		44B8C5FE2665C3CB00066AAF /* Day */ = {
			isa = PBXGroup;
			children = (
				4406D538265012C400F9183E /* DayListView.swift */,
				44B8C6022665C43300066AAF /* DayView.swift */,
			);
			path = Day;
			sourceTree = "<group>";
		};
		44B8C6112666035D00066AAF /* PlaceList */ = {
			isa = PBXGroup;
			children = (
				44453BA2265B62C50060EFD7 /* PlaceListViewModel.swift */,
				44F999172652702A00F6D646 /* PlaceListView.swift */,
			);
			path = PlaceList;
			sourceTree = "<group>";
		};
		44B8C6122666036500066AAF /* PlaceSearch */ = {
			isa = PBXGroup;
			children = (
				44B1CDDF2657FD8700DC5502 /* PlaceSearchView.swift */,
				44B1CDE1265805FB00DC5502 /* PlaceSearchViewModel.swift */,
			);
			path = PlaceSearch;
			sourceTree = "<group>";
		};
		44BD8DDC2643B82F00FD0A72 /* Fonts */ = {
			isa = PBXGroup;
			children = (
				44376C3C2660CB870051C145 /* SourceHanSerifCN-SemiBold.otf */,
			);
			path = Fonts;
			sourceTree = "<group>";
		};
		44C727E32647AA6500F83303 /* Service */ = {
			isa = PBXGroup;
			children = (
				440E78FC26440E1E00105EB7 /* APIService.swift */,
				44C727DF26463FF600F83303 /* LocationService.swift */,
				44C727E126465FF100F83303 /* NetworkService.swift */,
				44B1CDDD2657B8E800DC5502 /* PersistenceService.swift */,
			);
			path = Service;
			sourceTree = "<group>";
		};
		44C727E42647ADB800F83303 /* Model */ = {
			isa = PBXGroup;
			children = (
				440E78FE2644CCF600105EB7 /* WeatherNowModel.swift */,
				44B8C60B2665D89800066AAF /* WeatherDailyModel.swift */,
				4453CA602667691800C5DECB /* WeatherHourlyModel.swift */,
			);
			path = Model;
			sourceTree = "<group>";
		};
		44FEBAEB2643929600DD785C /* Lottie */ = {
			isa = PBXGroup;
			children = (
				441F2C6026628231003828DB /* loading-day.json */,
				441F2C6726628232003828DB /* loading-night.json */,
				441F2C6A26628232003828DB /* weather-day-clear-sky.json */,
				441F2C6126628231003828DB /* weather-day-few-clouds.json */,
				441F2C5926628231003828DB /* weather-day-mist.json */,
				441F2C5A26628231003828DB /* weather-day-rain.json */,
				441F2C6826628232003828DB /* weather-day-scattered-clouds.json */,
				441F2C6226628232003828DB /* weather-day-shower-rains.json */,
				441F2C5826628231003828DB /* weather-day-snow.json */,
				441F2C5E26628231003828DB /* weather-day-thunderstorm.json */,
				441F2C5D26628231003828DB /* weather-day-wind.json */,
				441F2C6426628232003828DB /* weather-night-clear-sky.json */,
				441F2C6526628232003828DB /* weather-night-few-clouds.json */,
				441F2C6626628232003828DB /* weather-night-mist.json */,
				441F2C5B26628231003828DB /* weather-night-scattered-clouds.json */,
				441F2C6326628232003828DB /* weather-night-shower-rains.json */,
				441F2C5C26628231003828DB /* weather-night-snow.json */,
				441F2C5F26628231003828DB /* weather-night-thunderstorm.json */,
				441F2C6926628232003828DB /* weather-night-wind.json */,
			);
			path = Lottie;
			sourceTree = "<group>";
		};
		6B6903C4C18C80AFC57DD431 /* Frameworks */ = {
			isa = PBXGroup;
			children = (
				77A516C04DE7912FAC46D66A /* Pods_ThreeDays.framework */,
			);
			name = Frameworks;
			sourceTree = "<group>";
		};
		EFBA9DBAC076B035134D4767 /* Pods */ = {
			isa = PBXGroup;
			children = (
				6338727A07B14A491FD6F1E3 /* Pods-ThreeDays.debug.xcconfig */,
				3BB50EAA629702D42777EEA3 /* Pods-ThreeDays.release.xcconfig */,
			);
			path = Pods;
			sourceTree = "<group>";
		};
/* End PBXGroup section */

/* Begin PBXNativeTarget section */
		449D3E13263AF3B10095DC12 /* ThreeDays */ = {
			isa = PBXNativeTarget;
			buildConfigurationList = 449D3E23263AF3B20095DC12 /* Build configuration list for PBXNativeTarget "ThreeDays" */;
			buildPhases = (
				D06163AB81350EE59150CFF1 /* [CP] Check Pods Manifest.lock */,
				449D3E10263AF3B10095DC12 /* Sources */,
				449D3E11263AF3B10095DC12 /* Frameworks */,
				449D3E12263AF3B10095DC12 /* Resources */,
				6C286651F52E09C43D6E074A /* [CP] Embed Pods Frameworks */,
			);
			buildRules = (
			);
			dependencies = (
			);
			name = ThreeDays;
			productName = ThreeDays;
			productReference = 449D3E14263AF3B10095DC12 /* ThreeDays.app */;
			productType = "com.apple.product-type.application";
		};
		44CEEAFB2662359300518FEC /* ThreeDays-Release */ = {
			isa = PBXNativeTarget;
			buildConfigurationList = 44CEEB2E2662359300518FEC /* Build configuration list for PBXNativeTarget "ThreeDays-Release" */;
			buildPhases = (
				44CEEAFC2662359300518FEC /* [CP] Check Pods Manifest.lock */,
				44CEEAFD2662359300518FEC /* Sources */,
				44CEEB122662359300518FEC /* Frameworks */,
				44CEEB142662359300518FEC /* Resources */,
				44CEEB2D2662359300518FEC /* [CP] Embed Pods Frameworks */,
			);
			buildRules = (
			);
			dependencies = (
			);
			name = "ThreeDays-Release";
			productName = ThreeDays;
			productReference = 44CEEB312662359300518FEC /* ThreeDays-Release.app */;
			productType = "com.apple.product-type.application";
		};
/* End PBXNativeTarget section */

/* Begin PBXProject section */
		449D3E0C263AF3B10095DC12 /* Project object */ = {
			isa = PBXProject;
			attributes = {
				LastSwiftUpdateCheck = 1250;
				LastUpgradeCheck = 1250;
				TargetAttributes = {
					449D3E13263AF3B10095DC12 = {
						CreatedOnToolsVersion = 12.5;
					};
				};
			};
			buildConfigurationList = 449D3E0F263AF3B10095DC12 /* Build configuration list for PBXProject "ThreeDays" */;
			compatibilityVersion = "Xcode 9.3";
			developmentRegion = en;
			hasScannedForEncodings = 0;
			knownRegions = (
				en,
				Base,
			);
			mainGroup = 449D3E0B263AF3B10095DC12;
			productRefGroup = 449D3E15263AF3B10095DC12 /* Products */;
			projectDirPath = "";
			projectRoot = "";
			targets = (
				449D3E13263AF3B10095DC12 /* ThreeDays */,
				44CEEAFB2662359300518FEC /* ThreeDays-Release */,
			);
		};
/* End PBXProject section */

/* Begin PBXResourcesBuildPhase section */
		449D3E12263AF3B10095DC12 /* Resources */ = {
			isa = PBXResourcesBuildPhase;
			buildActionMask = 2147483647;
			files = (
				446B2C852663C1870032F83C /* release.plist in Resources */,
				441F2C7526628232003828DB /* weather-day-shower-rains.json in Resources */,
				441F2C7726628232003828DB /* weather-night-clear-sky.json in Resources */,
				441F2C7926628232003828DB /* weather-night-mist.json in Resources */,
				441F2C7126628232003828DB /* weather-day-thunderstorm.json in Resources */,
				441F2C6C26628232003828DB /* weather-day-mist.json in Resources */,
				441F2C7226628232003828DB /* weather-night-thunderstorm.json in Resources */,
				449D3E1C263AF3B20095DC12 /* Assets.xcassets in Resources */,
				441F2C7326628232003828DB /* loading-day.json in Resources */,
				449D3E1F263AF3B20095DC12 /* Preview Assets.xcassets in Resources */,
				441F2C7B26628232003828DB /* weather-day-scattered-clouds.json in Resources */,
				44458935265B95040060D666 /* full-place.csv in Resources */,
				441F2C6B26628232003828DB /* weather-day-snow.json in Resources */,
				44B8C6092665C84900066AAF /* China-Place-List.csv in Resources */,
				441F2C7A26628232003828DB /* loading-night.json in Resources */,
				441F2C7D26628232003828DB /* weather-day-clear-sky.json in Resources */,
				441F2C7026628232003828DB /* weather-day-wind.json in Resources */,
				441F2C6E26628232003828DB /* weather-night-scattered-clouds.json in Resources */,
				441F2C6F26628232003828DB /* weather-night-snow.json in Resources */,
				441F2C6D26628232003828DB /* weather-day-rain.json in Resources */,
				441F2C7C26628232003828DB /* weather-night-wind.json in Resources */,
				441F2C7626628232003828DB /* weather-night-shower-rains.json in Resources */,
				441F2C7426628232003828DB /* weather-day-few-clouds.json in Resources */,
				441F2C7826628232003828DB /* weather-night-few-clouds.json in Resources */,
				44376C3D2660CB870051C145 /* SourceHanSerifCN-SemiBold.otf in Resources */,
			);
			runOnlyForDeploymentPostprocessing = 0;
		};
		44CEEB142662359300518FEC /* Resources */ = {
			isa = PBXResourcesBuildPhase;
			buildActionMask = 2147483647;
			files = (
				441F2C8926628258003828DB /* weather-night-mist.json in Resources */,
				44CEEB172662359300518FEC /* Preview Assets.xcassets in Resources */,
				441F2C8226628258003828DB /* weather-night-shower-rains.json in Resources */,
				441F2C8D26628258003828DB /* weather-day-rain.json in Resources */,
				44CEEB1E2662359300518FEC /* full-place.csv in Resources */,
				441F2C8026628258003828DB /* loading-day.json in Resources */,
				441F2C9026628258003828DB /* weather-night-wind.json in Resources */,
				441F2C8326628258003828DB /* weather-night-snow.json in Resources */,
				44CEEB202662359300518FEC /* SourceHanSerifCN-SemiBold.otf in Resources */,
				441F2C8726628258003828DB /* weather-night-few-clouds.json in Resources */,
				441F2C8126628258003828DB /* weather-day-thunderstorm.json in Resources */,
				441F2C8626628258003828DB /* weather-day-mist.json in Resources */,
				441F2C7F26628258003828DB /* weather-day-clear-sky.json in Resources */,
				441F2C8B26628258003828DB /* weather-day-wind.json in Resources */,
				44B8C60A2665C84900066AAF /* China-Place-List.csv in Resources */,
				44CEEB282662359300518FEC /* Assets.xcassets in Resources */,
				441F2C8526628258003828DB /* weather-day-scattered-clouds.json in Resources */,
				441F2C8A26628258003828DB /* weather-day-snow.json in Resources */,
				441F2C7E26628258003828DB /* weather-night-clear-sky.json in Resources */,
				441F2C8426628258003828DB /* weather-night-scattered-clouds.json in Resources */,
				441F2C8E26628258003828DB /* weather-day-shower-rains.json in Resources */,
				441F2C8F26628258003828DB /* loading-night.json in Resources */,
				441F2C8826628258003828DB /* weather-day-few-clouds.json in Resources */,
				441F2C8C26628258003828DB /* weather-night-thunderstorm.json in Resources */,
			);
			runOnlyForDeploymentPostprocessing = 0;
		};
/* End PBXResourcesBuildPhase section */

/* Begin PBXShellScriptBuildPhase section */
		44CEEAFC2662359300518FEC /* [CP] Check Pods Manifest.lock */ = {
			isa = PBXShellScriptBuildPhase;
			buildActionMask = 2147483647;
			files = (
			);
			inputFileListPaths = (
			);
			inputPaths = (
				"${PODS_PODFILE_DIR_PATH}/Podfile.lock",
				"${PODS_ROOT}/Manifest.lock",
			);
			name = "[CP] Check Pods Manifest.lock";
			outputFileListPaths = (
			);
			outputPaths = (
				"$(DERIVED_FILE_DIR)/Pods-ThreeDays-checkManifestLockResult.txt",
			);
			runOnlyForDeploymentPostprocessing = 0;
			shellPath = /bin/sh;
			shellScript = "diff \"${PODS_PODFILE_DIR_PATH}/Podfile.lock\" \"${PODS_ROOT}/Manifest.lock\" > /dev/null\nif [ $? != 0 ] ; then\n    # print error to STDERR\n    echo \"error: The sandbox is not in sync with the Podfile.lock. Run 'pod install' or update your CocoaPods installation.\" >&2\n    exit 1\nfi\n# This output is used by Xcode 'outputs' to avoid re-running this script phase.\necho \"SUCCESS\" > \"${SCRIPT_OUTPUT_FILE_0}\"\n";
			showEnvVarsInLog = 0;
		};
		44CEEB2D2662359300518FEC /* [CP] Embed Pods Frameworks */ = {
			isa = PBXShellScriptBuildPhase;
			buildActionMask = 2147483647;
			files = (
			);
			inputFileListPaths = (
				"${PODS_ROOT}/Target Support Files/Pods-ThreeDays/Pods-ThreeDays-frameworks-${CONFIGURATION}-input-files.xcfilelist",
			);
			name = "[CP] Embed Pods Frameworks";
			outputFileListPaths = (
				"${PODS_ROOT}/Target Support Files/Pods-ThreeDays/Pods-ThreeDays-frameworks-${CONFIGURATION}-output-files.xcfilelist",
			);
			runOnlyForDeploymentPostprocessing = 0;
			shellPath = /bin/sh;
			shellScript = "\"${PODS_ROOT}/Target Support Files/Pods-ThreeDays/Pods-ThreeDays-frameworks.sh\"\n";
			showEnvVarsInLog = 0;
		};
		6C286651F52E09C43D6E074A /* [CP] Embed Pods Frameworks */ = {
			isa = PBXShellScriptBuildPhase;
			buildActionMask = 2147483647;
			files = (
			);
			inputFileListPaths = (
				"${PODS_ROOT}/Target Support Files/Pods-ThreeDays/Pods-ThreeDays-frameworks-${CONFIGURATION}-input-files.xcfilelist",
			);
			name = "[CP] Embed Pods Frameworks";
			outputFileListPaths = (
				"${PODS_ROOT}/Target Support Files/Pods-ThreeDays/Pods-ThreeDays-frameworks-${CONFIGURATION}-output-files.xcfilelist",
			);
			runOnlyForDeploymentPostprocessing = 0;
			shellPath = /bin/sh;
			shellScript = "\"${PODS_ROOT}/Target Support Files/Pods-ThreeDays/Pods-ThreeDays-frameworks.sh\"\n";
			showEnvVarsInLog = 0;
		};
		D06163AB81350EE59150CFF1 /* [CP] Check Pods Manifest.lock */ = {
			isa = PBXShellScriptBuildPhase;
			buildActionMask = 2147483647;
			files = (
			);
			inputFileListPaths = (
			);
			inputPaths = (
				"${PODS_PODFILE_DIR_PATH}/Podfile.lock",
				"${PODS_ROOT}/Manifest.lock",
			);
			name = "[CP] Check Pods Manifest.lock";
			outputFileListPaths = (
			);
			outputPaths = (
				"$(DERIVED_FILE_DIR)/Pods-ThreeDays-checkManifestLockResult.txt",
			);
			runOnlyForDeploymentPostprocessing = 0;
			shellPath = /bin/sh;
			shellScript = "diff \"${PODS_PODFILE_DIR_PATH}/Podfile.lock\" \"${PODS_ROOT}/Manifest.lock\" > /dev/null\nif [ $? != 0 ] ; then\n    # print error to STDERR\n    echo \"error: The sandbox is not in sync with the Podfile.lock. Run 'pod install' or update your CocoaPods installation.\" >&2\n    exit 1\nfi\n# This output is used by Xcode 'outputs' to avoid re-running this script phase.\necho \"SUCCESS\" > \"${SCRIPT_OUTPUT_FILE_0}\"\n";
			showEnvVarsInLog = 0;
		};
/* End PBXShellScriptBuildPhase section */

/* Begin PBXSourcesBuildPhase section */
		449D3E10263AF3B10095DC12 /* Sources */ = {
			isa = PBXSourcesBuildPhase;
			buildActionMask = 2147483647;
			files = (
				44B1CDE2265805FB00DC5502 /* PlaceSearchViewModel.swift in Sources */,
				44B4A5D4265F3F2500D9101D /* LaunchView.swift in Sources */,
				4445862D2647B2CB007E87C3 /* WeatherViewModel.swift in Sources */,
				44B8C6032665C43300066AAF /* DayView.swift in Sources */,
				44B8C5FC2665BFEC00066AAF /* Description.swift in Sources */,
				440E78FD26440E1E00105EB7 /* APIService.swift in Sources */,
				4406D539265012C400F9183E /* DayListView.swift in Sources */,
				449D3E1A263AF3B10095DC12 /* ContentView.swift in Sources */,
				440E78ED2643E60300105EB7 /* BlurView.swift in Sources */,
				44B8C6062665C67B00066AAF /* ChinaPlace.swift in Sources */,
				44B8C6002665C3F900066AAF /* PlaceView.swift in Sources */,
				442B0AB1264E6F0800E6B6D7 /* WeatherView.swift in Sources */,
				44C727E026463FF600F83303 /* LocationService.swift in Sources */,
				44C727E226465FF100F83303 /* NetworkService.swift in Sources */,
				440C95C5265A4C91002BB5AD /* ThreeDays.xcdatamodeld in Sources */,
				44453BA3265B62C50060EFD7 /* PlaceListViewModel.swift in Sources */,
				44B1CDE02657FD8700DC5502 /* PlaceSearchView.swift in Sources */,
				449D3E18263AF3B10095DC12 /* ThreeDaysApp.swift in Sources */,
				4453CA612667691800C5DECB /* WeatherHourlyModel.swift in Sources */,
				44B1CDDE2657B8E800DC5502 /* PersistenceService.swift in Sources */,
				440E78FF2644CCF600105EB7 /* WeatherNowModel.swift in Sources */,
				441526C3265C93D200FD0700 /* Theme.swift in Sources */,
				44FEBAED264392EB00DD785C /* LottieView.swift in Sources */,
				44F999182652702A00F6D646 /* PlaceListView.swift in Sources */,
				44B8C60C2665D89800066AAF /* WeatherDailyModel.swift in Sources */,
			);
			runOnlyForDeploymentPostprocessing = 0;
		};
		44CEEAFD2662359300518FEC /* Sources */ = {
			isa = PBXSourcesBuildPhase;
			buildActionMask = 2147483647;
			files = (
				44CEEAFE2662359300518FEC /* PlaceSearchViewModel.swift in Sources */,
				44CEEAFF2662359300518FEC /* LaunchView.swift in Sources */,
				44CEEB002662359300518FEC /* WeatherViewModel.swift in Sources */,
				44B8C6042665C43300066AAF /* DayView.swift in Sources */,
				44B8C5FD2665BFEC00066AAF /* Description.swift in Sources */,
				44CEEB012662359300518FEC /* APIService.swift in Sources */,
				44CEEB022662359300518FEC /* DayListView.swift in Sources */,
				44CEEB032662359300518FEC /* ContentView.swift in Sources */,
				44CEEB042662359300518FEC /* BlurView.swift in Sources */,
				44B8C6072665C67B00066AAF /* ChinaPlace.swift in Sources */,
				44B8C6012665C3F900066AAF /* PlaceView.swift in Sources */,
				44CEEB062662359300518FEC /* WeatherView.swift in Sources */,
				44CEEB072662359300518FEC /* LocationService.swift in Sources */,
				44CEEB082662359300518FEC /* NetworkService.swift in Sources */,
				44CEEB092662359300518FEC /* ThreeDays.xcdatamodeld in Sources */,
				44CEEB0A2662359300518FEC /* PlaceListViewModel.swift in Sources */,
				44CEEB0B2662359300518FEC /* PlaceSearchView.swift in Sources */,
				44CEEB0C2662359300518FEC /* ThreeDaysApp.swift in Sources */,
				4453CA622667691800C5DECB /* WeatherHourlyModel.swift in Sources */,
				44CEEB0D2662359300518FEC /* PersistenceService.swift in Sources */,
				44CEEB0E2662359300518FEC /* WeatherNowModel.swift in Sources */,
				44CEEB0F2662359300518FEC /* Theme.swift in Sources */,
				44CEEB102662359300518FEC /* LottieView.swift in Sources */,
				44CEEB112662359300518FEC /* PlaceListView.swift in Sources */,
				44B8C60D2665D89800066AAF /* WeatherDailyModel.swift in Sources */,
			);
			runOnlyForDeploymentPostprocessing = 0;
		};
/* End PBXSourcesBuildPhase section */

/* Begin XCBuildConfiguration section */
		449D3E21263AF3B20095DC12 /* Debug */ = {
			isa = XCBuildConfiguration;
			buildSettings = {
				ALWAYS_SEARCH_USER_PATHS = NO;
				CLANG_ANALYZER_NONNULL = YES;
				CLANG_ANALYZER_NUMBER_OBJECT_CONVERSION = YES_AGGRESSIVE;
				CLANG_CXX_LANGUAGE_STANDARD = "gnu++14";
				CLANG_CXX_LIBRARY = "libc++";
				CLANG_ENABLE_MODULES = YES;
				CLANG_ENABLE_OBJC_ARC = YES;
				CLANG_ENABLE_OBJC_WEAK = YES;
				CLANG_WARN_BLOCK_CAPTURE_AUTORELEASING = YES;
				CLANG_WARN_BOOL_CONVERSION = YES;
				CLANG_WARN_COMMA = YES;
				CLANG_WARN_CONSTANT_CONVERSION = YES;
				CLANG_WARN_DEPRECATED_OBJC_IMPLEMENTATIONS = YES;
				CLANG_WARN_DIRECT_OBJC_ISA_USAGE = YES_ERROR;
				CLANG_WARN_DOCUMENTATION_COMMENTS = YES;
				CLANG_WARN_EMPTY_BODY = YES;
				CLANG_WARN_ENUM_CONVERSION = YES;
				CLANG_WARN_INFINITE_RECURSION = YES;
				CLANG_WARN_INT_CONVERSION = YES;
				CLANG_WARN_NON_LITERAL_NULL_CONVERSION = YES;
				CLANG_WARN_OBJC_IMPLICIT_RETAIN_SELF = YES;
				CLANG_WARN_OBJC_LITERAL_CONVERSION = YES;
				CLANG_WARN_OBJC_ROOT_CLASS = YES_ERROR;
				CLANG_WARN_QUOTED_INCLUDE_IN_FRAMEWORK_HEADER = YES;
				CLANG_WARN_RANGE_LOOP_ANALYSIS = YES;
				CLANG_WARN_STRICT_PROTOTYPES = YES;
				CLANG_WARN_SUSPICIOUS_MOVE = YES;
				CLANG_WARN_UNGUARDED_AVAILABILITY = YES_AGGRESSIVE;
				CLANG_WARN_UNREACHABLE_CODE = YES;
				CLANG_WARN__DUPLICATE_METHOD_MATCH = YES;
				COPY_PHASE_STRIP = NO;
				DEBUG_INFORMATION_FORMAT = dwarf;
				ENABLE_STRICT_OBJC_MSGSEND = YES;
				ENABLE_TESTABILITY = YES;
				GCC_C_LANGUAGE_STANDARD = gnu11;
				GCC_DYNAMIC_NO_PIC = NO;
				GCC_NO_COMMON_BLOCKS = YES;
				GCC_OPTIMIZATION_LEVEL = 0;
				GCC_PREPROCESSOR_DEFINITIONS = (
					"DEBUG=1",
					"$(inherited)",
				);
				GCC_WARN_64_TO_32_BIT_CONVERSION = YES;
				GCC_WARN_ABOUT_RETURN_TYPE = YES_ERROR;
				GCC_WARN_UNDECLARED_SELECTOR = YES;
				GCC_WARN_UNINITIALIZED_AUTOS = YES_AGGRESSIVE;
				GCC_WARN_UNUSED_FUNCTION = YES;
				GCC_WARN_UNUSED_VARIABLE = YES;
				IPHONEOS_DEPLOYMENT_TARGET = 13.0;
				MTL_ENABLE_DEBUG_INFO = INCLUDE_SOURCE;
				MTL_FAST_MATH = YES;
				ONLY_ACTIVE_ARCH = YES;
				SDKROOT = iphoneos;
				SWIFT_ACTIVE_COMPILATION_CONDITIONS = DEBUG;
				SWIFT_OPTIMIZATION_LEVEL = "-Onone";
			};
			name = Debug;
		};
		449D3E22263AF3B20095DC12 /* Release */ = {
			isa = XCBuildConfiguration;
			buildSettings = {
				ALWAYS_SEARCH_USER_PATHS = NO;
				CLANG_ANALYZER_NONNULL = YES;
				CLANG_ANALYZER_NUMBER_OBJECT_CONVERSION = YES_AGGRESSIVE;
				CLANG_CXX_LANGUAGE_STANDARD = "gnu++14";
				CLANG_CXX_LIBRARY = "libc++";
				CLANG_ENABLE_MODULES = YES;
				CLANG_ENABLE_OBJC_ARC = YES;
				CLANG_ENABLE_OBJC_WEAK = YES;
				CLANG_WARN_BLOCK_CAPTURE_AUTORELEASING = YES;
				CLANG_WARN_BOOL_CONVERSION = YES;
				CLANG_WARN_COMMA = YES;
				CLANG_WARN_CONSTANT_CONVERSION = YES;
				CLANG_WARN_DEPRECATED_OBJC_IMPLEMENTATIONS = YES;
				CLANG_WARN_DIRECT_OBJC_ISA_USAGE = YES_ERROR;
				CLANG_WARN_DOCUMENTATION_COMMENTS = YES;
				CLANG_WARN_EMPTY_BODY = YES;
				CLANG_WARN_ENUM_CONVERSION = YES;
				CLANG_WARN_INFINITE_RECURSION = YES;
				CLANG_WARN_INT_CONVERSION = YES;
				CLANG_WARN_NON_LITERAL_NULL_CONVERSION = YES;
				CLANG_WARN_OBJC_IMPLICIT_RETAIN_SELF = YES;
				CLANG_WARN_OBJC_LITERAL_CONVERSION = YES;
				CLANG_WARN_OBJC_ROOT_CLASS = YES_ERROR;
				CLANG_WARN_QUOTED_INCLUDE_IN_FRAMEWORK_HEADER = YES;
				CLANG_WARN_RANGE_LOOP_ANALYSIS = YES;
				CLANG_WARN_STRICT_PROTOTYPES = YES;
				CLANG_WARN_SUSPICIOUS_MOVE = YES;
				CLANG_WARN_UNGUARDED_AVAILABILITY = YES_AGGRESSIVE;
				CLANG_WARN_UNREACHABLE_CODE = YES;
				CLANG_WARN__DUPLICATE_METHOD_MATCH = YES;
				COPY_PHASE_STRIP = NO;
				DEBUG_INFORMATION_FORMAT = "dwarf-with-dsym";
				ENABLE_NS_ASSERTIONS = NO;
				ENABLE_STRICT_OBJC_MSGSEND = YES;
				GCC_C_LANGUAGE_STANDARD = gnu11;
				GCC_NO_COMMON_BLOCKS = YES;
				GCC_WARN_64_TO_32_BIT_CONVERSION = YES;
				GCC_WARN_ABOUT_RETURN_TYPE = YES_ERROR;
				GCC_WARN_UNDECLARED_SELECTOR = YES;
				GCC_WARN_UNINITIALIZED_AUTOS = YES_AGGRESSIVE;
				GCC_WARN_UNUSED_FUNCTION = YES;
				GCC_WARN_UNUSED_VARIABLE = YES;
				IPHONEOS_DEPLOYMENT_TARGET = 13.0;
				MTL_ENABLE_DEBUG_INFO = NO;
				MTL_FAST_MATH = YES;
				ONLY_ACTIVE_ARCH = NO;
				SDKROOT = iphoneos;
				SWIFT_ACTIVE_COMPILATION_CONDITIONS = RELEASE;
				SWIFT_COMPILATION_MODE = wholemodule;
				SWIFT_OPTIMIZATION_LEVEL = "-O";
				VALIDATE_PRODUCT = YES;
			};
			name = Release;
		};
		449D3E24263AF3B20095DC12 /* Debug */ = {
			isa = XCBuildConfiguration;
			baseConfigurationReference = 6338727A07B14A491FD6F1E3 /* Pods-ThreeDays.debug.xcconfig */;
			buildSettings = {
				ASSETCATALOG_COMPILER_APPICON_NAME = AppIcon;
				ASSETCATALOG_COMPILER_GLOBAL_ACCENT_COLOR_NAME = AccentColor;
				CODE_SIGN_STYLE = Automatic;
				DEVELOPMENT_ASSET_PATHS = "\"ThreeDays/Preview Content\"";
				DEVELOPMENT_TEAM = 7PN847NX57;
				ENABLE_PREVIEWS = YES;
				INFOPLIST_FILE = ThreeDays/Info.plist;
				IPHONEOS_DEPLOYMENT_TARGET = 14.0;
				LD_RUNPATH_SEARCH_PATHS = (
					"$(inherited)",
					"@executable_path/Frameworks",
				);
				PRODUCT_BUNDLE_IDENTIFIER = koen.chen.ThreeDays;
				PRODUCT_NAME = "$(TARGET_NAME)";
				SWIFT_VERSION = 5.0;
				TARGETED_DEVICE_FAMILY = "1,2";
			};
			name = Debug;
		};
		449D3E25263AF3B20095DC12 /* Release */ = {
			isa = XCBuildConfiguration;
			baseConfigurationReference = 3BB50EAA629702D42777EEA3 /* Pods-ThreeDays.release.xcconfig */;
			buildSettings = {
				ASSETCATALOG_COMPILER_APPICON_NAME = AppIcon;
				ASSETCATALOG_COMPILER_GLOBAL_ACCENT_COLOR_NAME = AccentColor;
				CODE_SIGN_STYLE = Automatic;
				DEVELOPMENT_ASSET_PATHS = "\"ThreeDays/Preview Content\"";
				DEVELOPMENT_TEAM = 7PN847NX57;
				ENABLE_PREVIEWS = YES;
				INFOPLIST_FILE = ThreeDays/Info.plist;
				IPHONEOS_DEPLOYMENT_TARGET = 14.0;
				LD_RUNPATH_SEARCH_PATHS = (
					"$(inherited)",
					"@executable_path/Frameworks",
				);
				PRODUCT_BUNDLE_IDENTIFIER = koen.chen.ThreeDays;
				PRODUCT_NAME = "$(TARGET_NAME)";
				SWIFT_VERSION = 5.0;
				TARGETED_DEVICE_FAMILY = "1,2";
			};
			name = Release;
		};
		44CEEB2F2662359300518FEC /* Debug */ = {
			isa = XCBuildConfiguration;
			baseConfigurationReference = 6338727A07B14A491FD6F1E3 /* Pods-ThreeDays.debug.xcconfig */;
			buildSettings = {
				ASSETCATALOG_COMPILER_APPICON_NAME = AppIcon;
				ASSETCATALOG_COMPILER_GLOBAL_ACCENT_COLOR_NAME = AccentColor;
				CODE_SIGN_STYLE = Automatic;
				DEVELOPMENT_ASSET_PATHS = "\"ThreeDays/Preview Content\"";
				DEVELOPMENT_TEAM = 7PN847NX57;
				ENABLE_PREVIEWS = YES;
				INFOPLIST_FILE = "$(SRCROOT)/release.plist";
				IPHONEOS_DEPLOYMENT_TARGET = 14.0;
				LD_RUNPATH_SEARCH_PATHS = (
					"$(inherited)",
					"@executable_path/Frameworks",
				);
				PRODUCT_BUNDLE_IDENTIFIER = koen.chen.ThreeDays.Release;
				PRODUCT_NAME = "$(TARGET_NAME)";
				SWIFT_VERSION = 5.0;
				TARGETED_DEVICE_FAMILY = "1,2";
			};
			name = Debug;
		};
		44CEEB302662359300518FEC /* Release */ = {
			isa = XCBuildConfiguration;
			baseConfigurationReference = 3BB50EAA629702D42777EEA3 /* Pods-ThreeDays.release.xcconfig */;
			buildSettings = {
				ASSETCATALOG_COMPILER_APPICON_NAME = AppIcon;
				ASSETCATALOG_COMPILER_GLOBAL_ACCENT_COLOR_NAME = AccentColor;
				CODE_SIGN_STYLE = Automatic;
				DEVELOPMENT_ASSET_PATHS = "\"ThreeDays/Preview Content\"";
				DEVELOPMENT_TEAM = 7PN847NX57;
				ENABLE_PREVIEWS = YES;
				INFOPLIST_FILE = "$(SRCROOT)/release.plist";
				IPHONEOS_DEPLOYMENT_TARGET = 14.0;
				LD_RUNPATH_SEARCH_PATHS = (
					"$(inherited)",
					"@executable_path/Frameworks",
				);
				PRODUCT_BUNDLE_IDENTIFIER = koen.chen.ThreeDays.Release;
				PRODUCT_NAME = "$(TARGET_NAME)";
				SWIFT_VERSION = 5.0;
				TARGETED_DEVICE_FAMILY = "1,2";
			};
			name = Release;
		};
/* End XCBuildConfiguration section */

/* Begin XCConfigurationList section */
		449D3E0F263AF3B10095DC12 /* Build configuration list for PBXProject "ThreeDays" */ = {
			isa = XCConfigurationList;
			buildConfigurations = (
				449D3E21263AF3B20095DC12 /* Debug */,
				449D3E22263AF3B20095DC12 /* Release */,
			);
			defaultConfigurationIsVisible = 0;
			defaultConfigurationName = Release;
		};
		449D3E23263AF3B20095DC12 /* Build configuration list for PBXNativeTarget "ThreeDays" */ = {
			isa = XCConfigurationList;
			buildConfigurations = (
				449D3E24263AF3B20095DC12 /* Debug */,
				449D3E25263AF3B20095DC12 /* Release */,
			);
			defaultConfigurationIsVisible = 0;
			defaultConfigurationName = Release;
		};
		44CEEB2E2662359300518FEC /* Build configuration list for PBXNativeTarget "ThreeDays-Release" */ = {
			isa = XCConfigurationList;
			buildConfigurations = (
				44CEEB2F2662359300518FEC /* Debug */,
				44CEEB302662359300518FEC /* Release */,
			);
			defaultConfigurationIsVisible = 0;
			defaultConfigurationName = Release;
		};
/* End XCConfigurationList section */

/* Begin XCVersionGroup section */
		440C95C3265A4C91002BB5AD /* ThreeDays.xcdatamodeld */ = {
			isa = XCVersionGroup;
			children = (
				440C95C4265A4C91002BB5AD /* ThreeDays.xcdatamodel */,
			);
			currentVersion = 440C95C4265A4C91002BB5AD /* ThreeDays.xcdatamodel */;
			path = ThreeDays.xcdatamodeld;
			sourceTree = "<group>";
			versionGroupType = wrapper.xcdatamodel;
		};
/* End XCVersionGroup section */
	};
	rootObject = 449D3E0C263AF3B10095DC12 /* Project object */;
}
