// !$*UTF8*$!
{
	archiveVersion = 1;
	classes = {
	};
	objectVersion = 51;
	objects = {

/* Begin PBXBuildFile section */
		4406D539265012C400F9183E /* DayListView.swift in Sources */ = {isa = PBXBuildFile; fileRef = 4406D538265012C400F9183E /* DayListView.swift */; };
		440E78ED2643E60300105EB7 /* BlurView.swift in Sources */ = {isa = PBXBuildFile; fileRef = 440E78EC2643E60300105EB7 /* BlurView.swift */; };
		440E78FD26440E1E00105EB7 /* WeatherService.swift in Sources */ = {isa = PBXBuildFile; fileRef = 440E78FC26440E1E00105EB7 /* WeatherService.swift */; };
		440E78FF2644CCF600105EB7 /* WeatherModel.swift in Sources */ = {isa = PBXBuildFile; fileRef = 440E78FE2644CCF600105EB7 /* WeatherModel.swift */; };
		442B0AB1264E6F0800E6B6D7 /* DayView.swift in Sources */ = {isa = PBXBuildFile; fileRef = 442B0AB0264E6F0800E6B6D7 /* DayView.swift */; };
		4445862D2647B2CB007E87C3 /* WeatherViewModel.swift in Sources */ = {isa = PBXBuildFile; fileRef = 4445862C2647B2CB007E87C3 /* WeatherViewModel.swift */; };
		4465403A26482B20007A7961 /* LocationModel.swift in Sources */ = {isa = PBXBuildFile; fileRef = 4465403926482B20007A7961 /* LocationModel.swift */; };
		446FB76526536DED00C509C2 /* ZhuoJianGanLanJianTi-Regular.ttf in Resources */ = {isa = PBXBuildFile; fileRef = 44F999192653637000F6D646 /* ZhuoJianGanLanJianTi-Regular.ttf */; };
		44845B8626525DBA0076991C /* weather-day-mist.json in Resources */ = {isa = PBXBuildFile; fileRef = 44845B8326525DBA0076991C /* weather-day-mist.json */; };
		44845B8726525DBA0076991C /* weather-day-shower-rains.json in Resources */ = {isa = PBXBuildFile; fileRef = 44845B8426525DBA0076991C /* weather-day-shower-rains.json */; };
		44845B8826525DBA0076991C /* weather-day-thunderstorm.json in Resources */ = {isa = PBXBuildFile; fileRef = 44845B8526525DBA0076991C /* weather-day-thunderstorm.json */; };
		44845B8A26525E1E0076991C /* weather-night-shower-rains.json in Resources */ = {isa = PBXBuildFile; fileRef = 44845B8926525E1E0076991C /* weather-night-shower-rains.json */; };
		449D3E18263AF3B10095DC12 /* ThreeDaysApp.swift in Sources */ = {isa = PBXBuildFile; fileRef = 449D3E17263AF3B10095DC12 /* ThreeDaysApp.swift */; };
		449D3E1A263AF3B10095DC12 /* ContentView.swift in Sources */ = {isa = PBXBuildFile; fileRef = 449D3E19263AF3B10095DC12 /* ContentView.swift */; };
		449D3E1C263AF3B20095DC12 /* Assets.xcassets in Resources */ = {isa = PBXBuildFile; fileRef = 449D3E1B263AF3B20095DC12 /* Assets.xcassets */; };
		449D3E1F263AF3B20095DC12 /* Preview Assets.xcassets in Resources */ = {isa = PBXBuildFile; fileRef = 449D3E1E263AF3B20095DC12 /* Preview Assets.xcassets */; };
		44BD8DD22643A44200FD0A72 /* weather-day-clear-sky.json in Resources */ = {isa = PBXBuildFile; fileRef = 44BD8DC82643A44200FD0A72 /* weather-day-clear-sky.json */; };
		44BD8DD32643A44200FD0A72 /* weather-night-few-clouds.json in Resources */ = {isa = PBXBuildFile; fileRef = 44BD8DC92643A44200FD0A72 /* weather-night-few-clouds.json */; };
		44BD8DD42643A44200FD0A72 /* weather-day-few-clouds.json in Resources */ = {isa = PBXBuildFile; fileRef = 44BD8DCA2643A44200FD0A72 /* weather-day-few-clouds.json */; };
		44BD8DD52643A44200FD0A72 /* weather-day-snow.json in Resources */ = {isa = PBXBuildFile; fileRef = 44BD8DCB2643A44200FD0A72 /* weather-day-snow.json */; };
		44BD8DD62643A44200FD0A72 /* weather-night-snow.json in Resources */ = {isa = PBXBuildFile; fileRef = 44BD8DCC2643A44200FD0A72 /* weather-night-snow.json */; };
		44BD8DD72643A44200FD0A72 /* weather-night-clear-sky.json in Resources */ = {isa = PBXBuildFile; fileRef = 44BD8DCD2643A44200FD0A72 /* weather-night-clear-sky.json */; };
		44BD8DD82643A44200FD0A72 /* weather-night-thunderstorm.json in Resources */ = {isa = PBXBuildFile; fileRef = 44BD8DCE2643A44200FD0A72 /* weather-night-thunderstorm.json */; };
		44BD8DD92643A44200FD0A72 /* weather-night-rain.json in Resources */ = {isa = PBXBuildFile; fileRef = 44BD8DCF2643A44200FD0A72 /* weather-night-rain.json */; };
		44BD8DDA2643A44200FD0A72 /* weather-night-mist.json in Resources */ = {isa = PBXBuildFile; fileRef = 44BD8DD02643A44200FD0A72 /* weather-night-mist.json */; };
		44BD8DDB2643A44200FD0A72 /* weather-day-rain.json in Resources */ = {isa = PBXBuildFile; fileRef = 44BD8DD12643A44200FD0A72 /* weather-day-rain.json */; };
		44BD8DF42643B8A500FD0A72 /* SourceHanSerif-SemiBold.otf in Resources */ = {isa = PBXBuildFile; fileRef = 44BD8DDF2643B8A500FD0A72 /* SourceHanSerif-SemiBold.otf */; };
		44C727E026463FF600F83303 /* LocationService.swift in Sources */ = {isa = PBXBuildFile; fileRef = 44C727DF26463FF600F83303 /* LocationService.swift */; };
		44C727E226465FF100F83303 /* NetworkService.swift in Sources */ = {isa = PBXBuildFile; fileRef = 44C727E126465FF100F83303 /* NetworkService.swift */; };
		44F99909265262F100F6D646 /* weather-night-scattered-clouds.json in Resources */ = {isa = PBXBuildFile; fileRef = 44F99907265262F100F6D646 /* weather-night-scattered-clouds.json */; };
		44F9990A265262F100F6D646 /* weather-day-scattered-clouds.json in Resources */ = {isa = PBXBuildFile; fileRef = 44F99908265262F100F6D646 /* weather-day-scattered-clouds.json */; };
		44F9990C265265ED00F6D646 /* weather-day-wind.json in Resources */ = {isa = PBXBuildFile; fileRef = 44F9990B265265ED00F6D646 /* weather-day-wind.json */; };
		44F9990E265265F300F6D646 /* weather-night-wind.json in Resources */ = {isa = PBXBuildFile; fileRef = 44F9990D265265F300F6D646 /* weather-night-wind.json */; };
		44F9991126526A6100F6D646 /* loading-night.json in Resources */ = {isa = PBXBuildFile; fileRef = 44F9990F26526A6000F6D646 /* loading-night.json */; };
		44F9991226526A6100F6D646 /* loading-day.json in Resources */ = {isa = PBXBuildFile; fileRef = 44F9991026526A6000F6D646 /* loading-day.json */; };
		44F9991526526C5800F6D646 /* loading2-night.json in Resources */ = {isa = PBXBuildFile; fileRef = 44F9991326526C5800F6D646 /* loading2-night.json */; };
		44F9991626526C5800F6D646 /* loading2-day.json in Resources */ = {isa = PBXBuildFile; fileRef = 44F9991426526C5800F6D646 /* loading2-day.json */; };
		44F999182652702A00F6D646 /* CityListView.swift in Sources */ = {isa = PBXBuildFile; fileRef = 44F999172652702A00F6D646 /* CityListView.swift */; };
		44FEBAED264392EB00DD785C /* LottieView.swift in Sources */ = {isa = PBXBuildFile; fileRef = 44FEBAEC264392EB00DD785C /* LottieView.swift */; };
		BA2C4EE3066ADAA13EC10472 /* Pods_ThreeDays.framework in Frameworks */ = {isa = PBXBuildFile; fileRef = B9D0344F5C84E99D354DE513 /* Pods_ThreeDays.framework */; };
/* End PBXBuildFile section */

/* Begin PBXFileReference section */
		4406D538265012C400F9183E /* DayListView.swift */ = {isa = PBXFileReference; lastKnownFileType = sourcecode.swift; path = DayListView.swift; sourceTree = "<group>"; };
		440E78EC2643E60300105EB7 /* BlurView.swift */ = {isa = PBXFileReference; lastKnownFileType = sourcecode.swift; path = BlurView.swift; sourceTree = "<group>"; };
		440E78FC26440E1E00105EB7 /* WeatherService.swift */ = {isa = PBXFileReference; lastKnownFileType = sourcecode.swift; path = WeatherService.swift; sourceTree = "<group>"; };
		440E78FE2644CCF600105EB7 /* WeatherModel.swift */ = {isa = PBXFileReference; lastKnownFileType = sourcecode.swift; path = WeatherModel.swift; sourceTree = "<group>"; };
		442B0AB0264E6F0800E6B6D7 /* DayView.swift */ = {isa = PBXFileReference; lastKnownFileType = sourcecode.swift; path = DayView.swift; sourceTree = "<group>"; };
		4445862C2647B2CB007E87C3 /* WeatherViewModel.swift */ = {isa = PBXFileReference; lastKnownFileType = sourcecode.swift; path = WeatherViewModel.swift; sourceTree = "<group>"; };
		4465403926482B20007A7961 /* LocationModel.swift */ = {isa = PBXFileReference; lastKnownFileType = sourcecode.swift; path = LocationModel.swift; sourceTree = "<group>"; };
		44845B8326525DBA0076991C /* weather-day-mist.json */ = {isa = PBXFileReference; fileEncoding = 4; lastKnownFileType = text.json; path = "weather-day-mist.json"; sourceTree = "<group>"; };
		44845B8426525DBA0076991C /* weather-day-shower-rains.json */ = {isa = PBXFileReference; fileEncoding = 4; lastKnownFileType = text.json; path = "weather-day-shower-rains.json"; sourceTree = "<group>"; };
		44845B8526525DBA0076991C /* weather-day-thunderstorm.json */ = {isa = PBXFileReference; fileEncoding = 4; lastKnownFileType = text.json; path = "weather-day-thunderstorm.json"; sourceTree = "<group>"; };
		44845B8926525E1E0076991C /* weather-night-shower-rains.json */ = {isa = PBXFileReference; fileEncoding = 4; lastKnownFileType = text.json; path = "weather-night-shower-rains.json"; sourceTree = "<group>"; };
		449D3E14263AF3B10095DC12 /* ThreeDays.app */ = {isa = PBXFileReference; explicitFileType = wrapper.application; includeInIndex = 0; path = ThreeDays.app; sourceTree = BUILT_PRODUCTS_DIR; };
		449D3E17263AF3B10095DC12 /* ThreeDaysApp.swift */ = {isa = PBXFileReference; lastKnownFileType = sourcecode.swift; path = ThreeDaysApp.swift; sourceTree = "<group>"; };
		449D3E19263AF3B10095DC12 /* ContentView.swift */ = {isa = PBXFileReference; lastKnownFileType = sourcecode.swift; path = ContentView.swift; sourceTree = "<group>"; };
		449D3E1B263AF3B20095DC12 /* Assets.xcassets */ = {isa = PBXFileReference; lastKnownFileType = folder.assetcatalog; path = Assets.xcassets; sourceTree = "<group>"; };
		449D3E1E263AF3B20095DC12 /* Preview Assets.xcassets */ = {isa = PBXFileReference; lastKnownFileType = folder.assetcatalog; path = "Preview Assets.xcassets"; sourceTree = "<group>"; };
		449D3E20263AF3B20095DC12 /* Info.plist */ = {isa = PBXFileReference; lastKnownFileType = text.plist.xml; path = Info.plist; sourceTree = "<group>"; };
		44BD8DC82643A44200FD0A72 /* weather-day-clear-sky.json */ = {isa = PBXFileReference; fileEncoding = 4; lastKnownFileType = text.json; path = "weather-day-clear-sky.json"; sourceTree = "<group>"; };
		44BD8DC92643A44200FD0A72 /* weather-night-few-clouds.json */ = {isa = PBXFileReference; fileEncoding = 4; lastKnownFileType = text.json; path = "weather-night-few-clouds.json"; sourceTree = "<group>"; };
		44BD8DCA2643A44200FD0A72 /* weather-day-few-clouds.json */ = {isa = PBXFileReference; fileEncoding = 4; lastKnownFileType = text.json; path = "weather-day-few-clouds.json"; sourceTree = "<group>"; };
		44BD8DCB2643A44200FD0A72 /* weather-day-snow.json */ = {isa = PBXFileReference; fileEncoding = 4; lastKnownFileType = text.json; path = "weather-day-snow.json"; sourceTree = "<group>"; };
		44BD8DCC2643A44200FD0A72 /* weather-night-snow.json */ = {isa = PBXFileReference; fileEncoding = 4; lastKnownFileType = text.json; path = "weather-night-snow.json"; sourceTree = "<group>"; };
		44BD8DCD2643A44200FD0A72 /* weather-night-clear-sky.json */ = {isa = PBXFileReference; fileEncoding = 4; lastKnownFileType = text.json; path = "weather-night-clear-sky.json"; sourceTree = "<group>"; };
		44BD8DCE2643A44200FD0A72 /* weather-night-thunderstorm.json */ = {isa = PBXFileReference; fileEncoding = 4; lastKnownFileType = text.json; path = "weather-night-thunderstorm.json"; sourceTree = "<group>"; };
		44BD8DCF2643A44200FD0A72 /* weather-night-rain.json */ = {isa = PBXFileReference; fileEncoding = 4; lastKnownFileType = text.json; path = "weather-night-rain.json"; sourceTree = "<group>"; };
		44BD8DD02643A44200FD0A72 /* weather-night-mist.json */ = {isa = PBXFileReference; fileEncoding = 4; lastKnownFileType = text.json; path = "weather-night-mist.json"; sourceTree = "<group>"; };
		44BD8DD12643A44200FD0A72 /* weather-day-rain.json */ = {isa = PBXFileReference; fileEncoding = 4; lastKnownFileType = text.json; path = "weather-day-rain.json"; sourceTree = "<group>"; };
		44BD8DDF2643B8A500FD0A72 /* SourceHanSerif-SemiBold.otf */ = {isa = PBXFileReference; lastKnownFileType = file; path = "SourceHanSerif-SemiBold.otf"; sourceTree = "<group>"; };
		44C727DF26463FF600F83303 /* LocationService.swift */ = {isa = PBXFileReference; lastKnownFileType = sourcecode.swift; path = LocationService.swift; sourceTree = "<group>"; };
		44C727E126465FF100F83303 /* NetworkService.swift */ = {isa = PBXFileReference; lastKnownFileType = sourcecode.swift; path = NetworkService.swift; sourceTree = "<group>"; };
		44F99907265262F100F6D646 /* weather-night-scattered-clouds.json */ = {isa = PBXFileReference; fileEncoding = 4; lastKnownFileType = text.json; path = "weather-night-scattered-clouds.json"; sourceTree = "<group>"; };
		44F99908265262F100F6D646 /* weather-day-scattered-clouds.json */ = {isa = PBXFileReference; fileEncoding = 4; lastKnownFileType = text.json; path = "weather-day-scattered-clouds.json"; sourceTree = "<group>"; };
		44F9990B265265ED00F6D646 /* weather-day-wind.json */ = {isa = PBXFileReference; fileEncoding = 4; lastKnownFileType = text.json; path = "weather-day-wind.json"; sourceTree = "<group>"; };
		44F9990D265265F300F6D646 /* weather-night-wind.json */ = {isa = PBXFileReference; fileEncoding = 4; lastKnownFileType = text.json; path = "weather-night-wind.json"; sourceTree = "<group>"; };
		44F9990F26526A6000F6D646 /* loading-night.json */ = {isa = PBXFileReference; fileEncoding = 4; lastKnownFileType = text.json; path = "loading-night.json"; sourceTree = "<group>"; };
		44F9991026526A6000F6D646 /* loading-day.json */ = {isa = PBXFileReference; fileEncoding = 4; lastKnownFileType = text.json; path = "loading-day.json"; sourceTree = "<group>"; };
		44F9991326526C5800F6D646 /* loading2-night.json */ = {isa = PBXFileReference; fileEncoding = 4; lastKnownFileType = text.json; path = "loading2-night.json"; sourceTree = "<group>"; };
		44F9991426526C5800F6D646 /* loading2-day.json */ = {isa = PBXFileReference; fileEncoding = 4; lastKnownFileType = text.json; path = "loading2-day.json"; sourceTree = "<group>"; };
		44F999172652702A00F6D646 /* CityListView.swift */ = {isa = PBXFileReference; lastKnownFileType = sourcecode.swift; path = CityListView.swift; sourceTree = "<group>"; };
		44F999192653637000F6D646 /* ZhuoJianGanLanJianTi-Regular.ttf */ = {isa = PBXFileReference; lastKnownFileType = file; path = "ZhuoJianGanLanJianTi-Regular.ttf"; sourceTree = "<group>"; };
		44FEBAEC264392EB00DD785C /* LottieView.swift */ = {isa = PBXFileReference; lastKnownFileType = sourcecode.swift; path = LottieView.swift; sourceTree = "<group>"; };
		B9D0344F5C84E99D354DE513 /* Pods_ThreeDays.framework */ = {isa = PBXFileReference; explicitFileType = wrapper.framework; includeInIndex = 0; path = Pods_ThreeDays.framework; sourceTree = BUILT_PRODUCTS_DIR; };
		C7EA143E1CDAEDDD90C8DD4B /* Pods-ThreeDays.debug.xcconfig */ = {isa = PBXFileReference; includeInIndex = 1; lastKnownFileType = text.xcconfig; name = "Pods-ThreeDays.debug.xcconfig"; path = "Target Support Files/Pods-ThreeDays/Pods-ThreeDays.debug.xcconfig"; sourceTree = "<group>"; };
		E68F2658CD365689B838A8D6 /* Pods-ThreeDays.release.xcconfig */ = {isa = PBXFileReference; includeInIndex = 1; lastKnownFileType = text.xcconfig; name = "Pods-ThreeDays.release.xcconfig"; path = "Target Support Files/Pods-ThreeDays/Pods-ThreeDays.release.xcconfig"; sourceTree = "<group>"; };
/* End PBXFileReference section */

/* Begin PBXFrameworksBuildPhase section */
		449D3E11263AF3B10095DC12 /* Frameworks */ = {
			isa = PBXFrameworksBuildPhase;
			buildActionMask = 2147483647;
			files = (
				BA2C4EE3066ADAA13EC10472 /* Pods_ThreeDays.framework in Frameworks */,
			);
			runOnlyForDeploymentPostprocessing = 0;
		};
/* End PBXFrameworksBuildPhase section */

/* Begin PBXGroup section */
		442B0AAF264E6EF200E6B6D7 /* View */ = {
			isa = PBXGroup;
			children = (
				442B0AB0264E6F0800E6B6D7 /* DayView.swift */,
				4406D538265012C400F9183E /* DayListView.swift */,
				44F999172652702A00F6D646 /* CityListView.swift */,
			);
			path = View;
			sourceTree = "<group>";
		};
		4445862B2647B2B4007E87C3 /* ViewModel */ = {
			isa = PBXGroup;
			children = (
				4445862C2647B2CB007E87C3 /* WeatherViewModel.swift */,
			);
			path = ViewModel;
			sourceTree = "<group>";
		};
		4445862E2647B339007E87C3 /* HelperView */ = {
			isa = PBXGroup;
			children = (
				44FEBAEC264392EB00DD785C /* LottieView.swift */,
				440E78EC2643E60300105EB7 /* BlurView.swift */,
			);
			path = HelperView;
			sourceTree = "<group>";
		};
		449D3E0B263AF3B10095DC12 = {
			isa = PBXGroup;
			children = (
				449D3E16263AF3B10095DC12 /* ThreeDays */,
				449D3E15263AF3B10095DC12 /* Products */,
				90CBF6FA81395337D2959269 /* Pods */,
				AFA3C5B1DAB7268BDDA26540 /* Frameworks */,
			);
			sourceTree = "<group>";
		};
		449D3E15263AF3B10095DC12 /* Products */ = {
			isa = PBXGroup;
			children = (
				449D3E14263AF3B10095DC12 /* ThreeDays.app */,
			);
			name = Products;
			sourceTree = "<group>";
		};
		449D3E16263AF3B10095DC12 /* ThreeDays */ = {
			isa = PBXGroup;
			children = (
				449D3E17263AF3B10095DC12 /* ThreeDaysApp.swift */,
				449D3E19263AF3B10095DC12 /* ContentView.swift */,
				442B0AAF264E6EF200E6B6D7 /* View */,
				4445862E2647B339007E87C3 /* HelperView */,
				4445862B2647B2B4007E87C3 /* ViewModel */,
				44C727E32647AA6500F83303 /* Service */,
				44C727E42647ADB800F83303 /* Model */,
				44FEBAEB2643929600DD785C /* Lottie */,
				44BD8DDC2643B82F00FD0A72 /* Fonts */,
				449D3E1B263AF3B20095DC12 /* Assets.xcassets */,
				449D3E20263AF3B20095DC12 /* Info.plist */,
				449D3E1D263AF3B20095DC12 /* Preview Content */,
			);
			path = ThreeDays;
			sourceTree = "<group>";
		};
		449D3E1D263AF3B20095DC12 /* Preview Content */ = {
			isa = PBXGroup;
			children = (
				449D3E1E263AF3B20095DC12 /* Preview Assets.xcassets */,
			);
			path = "Preview Content";
			sourceTree = "<group>";
		};
		44BD8DDC2643B82F00FD0A72 /* Fonts */ = {
			isa = PBXGroup;
			children = (
				44F999192653637000F6D646 /* ZhuoJianGanLanJianTi-Regular.ttf */,
				44BD8DDF2643B8A500FD0A72 /* SourceHanSerif-SemiBold.otf */,
			);
			path = Fonts;
			sourceTree = "<group>";
		};
		44C727E32647AA6500F83303 /* Service */ = {
			isa = PBXGroup;
			children = (
				440E78FC26440E1E00105EB7 /* WeatherService.swift */,
				44C727DF26463FF600F83303 /* LocationService.swift */,
				44C727E126465FF100F83303 /* NetworkService.swift */,
			);
			path = Service;
			sourceTree = "<group>";
		};
		44C727E42647ADB800F83303 /* Model */ = {
			isa = PBXGroup;
			children = (
				440E78FE2644CCF600105EB7 /* WeatherModel.swift */,
				4465403926482B20007A7961 /* LocationModel.swift */,
			);
			path = Model;
			sourceTree = "<group>";
		};
		44FEBAEB2643929600DD785C /* Lottie */ = {
			isa = PBXGroup;
			children = (
				44BD8DC82643A44200FD0A72 /* weather-day-clear-sky.json */,
				44BD8DCA2643A44200FD0A72 /* weather-day-few-clouds.json */,
				44BD8DD12643A44200FD0A72 /* weather-day-rain.json */,
				44BD8DCB2643A44200FD0A72 /* weather-day-snow.json */,
				44F9990F26526A6000F6D646 /* loading-night.json */,
				44F9991026526A6000F6D646 /* loading-day.json */,
				44845B8326525DBA0076991C /* weather-day-mist.json */,
				44F9990B265265ED00F6D646 /* weather-day-wind.json */,
				44845B8426525DBA0076991C /* weather-day-shower-rains.json */,
				44F9991426526C5800F6D646 /* loading2-day.json */,
				44F9991326526C5800F6D646 /* loading2-night.json */,
				44F99908265262F100F6D646 /* weather-day-scattered-clouds.json */,
				44845B8526525DBA0076991C /* weather-day-thunderstorm.json */,
				44F99907265262F100F6D646 /* weather-night-scattered-clouds.json */,
				44F9990D265265F300F6D646 /* weather-night-wind.json */,
				44845B8926525E1E0076991C /* weather-night-shower-rains.json */,
				44BD8DCD2643A44200FD0A72 /* weather-night-clear-sky.json */,
				44BD8DC92643A44200FD0A72 /* weather-night-few-clouds.json */,
				44BD8DD02643A44200FD0A72 /* weather-night-mist.json */,
				44BD8DCF2643A44200FD0A72 /* weather-night-rain.json */,
				44BD8DCC2643A44200FD0A72 /* weather-night-snow.json */,
				44BD8DCE2643A44200FD0A72 /* weather-night-thunderstorm.json */,
			);
			path = Lottie;
			sourceTree = "<group>";
		};
		90CBF6FA81395337D2959269 /* Pods */ = {
			isa = PBXGroup;
			children = (
				C7EA143E1CDAEDDD90C8DD4B /* Pods-ThreeDays.debug.xcconfig */,
				E68F2658CD365689B838A8D6 /* Pods-ThreeDays.release.xcconfig */,
			);
			path = Pods;
			sourceTree = "<group>";
		};
		AFA3C5B1DAB7268BDDA26540 /* Frameworks */ = {
			isa = PBXGroup;
			children = (
				B9D0344F5C84E99D354DE513 /* Pods_ThreeDays.framework */,
			);
			name = Frameworks;
			sourceTree = "<group>";
		};
/* End PBXGroup section */

/* Begin PBXNativeTarget section */
		449D3E13263AF3B10095DC12 /* ThreeDays */ = {
			isa = PBXNativeTarget;
			buildConfigurationList = 449D3E23263AF3B20095DC12 /* Build configuration list for PBXNativeTarget "ThreeDays" */;
			buildPhases = (
				535120083016C76DEA00CB1F /* [CP] Check Pods Manifest.lock */,
				449D3E10263AF3B10095DC12 /* Sources */,
				449D3E11263AF3B10095DC12 /* Frameworks */,
				449D3E12263AF3B10095DC12 /* Resources */,
				1F1FE3884367462BE191219A /* [CP] Embed Pods Frameworks */,
			);
			buildRules = (
			);
			dependencies = (
			);
			name = ThreeDays;
			productName = ThreeDays;
			productReference = 449D3E14263AF3B10095DC12 /* ThreeDays.app */;
			productType = "com.apple.product-type.application";
		};
/* End PBXNativeTarget section */

/* Begin PBXProject section */
		449D3E0C263AF3B10095DC12 /* Project object */ = {
			isa = PBXProject;
			attributes = {
				LastSwiftUpdateCheck = 1250;
				LastUpgradeCheck = 1250;
				TargetAttributes = {
					449D3E13263AF3B10095DC12 = {
						CreatedOnToolsVersion = 12.5;
					};
				};
			};
			buildConfigurationList = 449D3E0F263AF3B10095DC12 /* Build configuration list for PBXProject "ThreeDays" */;
			compatibilityVersion = "Xcode 9.3";
			developmentRegion = en;
			hasScannedForEncodings = 0;
			knownRegions = (
				en,
				Base,
			);
			mainGroup = 449D3E0B263AF3B10095DC12;
			productRefGroup = 449D3E15263AF3B10095DC12 /* Products */;
			projectDirPath = "";
			projectRoot = "";
			targets = (
				449D3E13263AF3B10095DC12 /* ThreeDays */,
			);
		};
/* End PBXProject section */

/* Begin PBXResourcesBuildPhase section */
		449D3E12263AF3B10095DC12 /* Resources */ = {
			isa = PBXResourcesBuildPhase;
			buildActionMask = 2147483647;
			files = (
				44845B8726525DBA0076991C /* weather-day-shower-rains.json in Resources */,
				44F9991126526A6100F6D646 /* loading-night.json in Resources */,
				44BD8DD62643A44200FD0A72 /* weather-night-snow.json in Resources */,
				44BD8DD22643A44200FD0A72 /* weather-day-clear-sky.json in Resources */,
				44BD8DD82643A44200FD0A72 /* weather-night-thunderstorm.json in Resources */,
				449D3E1F263AF3B20095DC12 /* Preview Assets.xcassets in Resources */,
				44BD8DD72643A44200FD0A72 /* weather-night-clear-sky.json in Resources */,
				44845B8A26525E1E0076991C /* weather-night-shower-rains.json in Resources */,
				44F99909265262F100F6D646 /* weather-night-scattered-clouds.json in Resources */,
				44845B8826525DBA0076991C /* weather-day-thunderstorm.json in Resources */,
				44F9990C265265ED00F6D646 /* weather-day-wind.json in Resources */,
				44BD8DD92643A44200FD0A72 /* weather-night-rain.json in Resources */,
				44F9991626526C5800F6D646 /* loading2-day.json in Resources */,
				44BD8DD52643A44200FD0A72 /* weather-day-snow.json in Resources */,
				44F9990A265262F100F6D646 /* weather-day-scattered-clouds.json in Resources */,
				44BD8DF42643B8A500FD0A72 /* SourceHanSerif-SemiBold.otf in Resources */,
				44F9991226526A6100F6D646 /* loading-day.json in Resources */,
				44F9990E265265F300F6D646 /* weather-night-wind.json in Resources */,
				44F9991526526C5800F6D646 /* loading2-night.json in Resources */,
				44BD8DDA2643A44200FD0A72 /* weather-night-mist.json in Resources */,
				44BD8DD32643A44200FD0A72 /* weather-night-few-clouds.json in Resources */,
				449D3E1C263AF3B20095DC12 /* Assets.xcassets in Resources */,
				446FB76526536DED00C509C2 /* ZhuoJianGanLanJianTi-Regular.ttf in Resources */,
				44845B8626525DBA0076991C /* weather-day-mist.json in Resources */,
				44BD8DD42643A44200FD0A72 /* weather-day-few-clouds.json in Resources */,
				44BD8DDB2643A44200FD0A72 /* weather-day-rain.json in Resources */,
			);
			runOnlyForDeploymentPostprocessing = 0;
		};
/* End PBXResourcesBuildPhase section */

/* Begin PBXShellScriptBuildPhase section */
		1F1FE3884367462BE191219A /* [CP] Embed Pods Frameworks */ = {
			isa = PBXShellScriptBuildPhase;
			buildActionMask = 2147483647;
			files = (
			);
			inputFileListPaths = (
				"${PODS_ROOT}/Target Support Files/Pods-ThreeDays/Pods-ThreeDays-frameworks-${CONFIGURATION}-input-files.xcfilelist",
			);
			name = "[CP] Embed Pods Frameworks";
			outputFileListPaths = (
				"${PODS_ROOT}/Target Support Files/Pods-ThreeDays/Pods-ThreeDays-frameworks-${CONFIGURATION}-output-files.xcfilelist",
			);
			runOnlyForDeploymentPostprocessing = 0;
			shellPath = /bin/sh;
			shellScript = "\"${PODS_ROOT}/Target Support Files/Pods-ThreeDays/Pods-ThreeDays-frameworks.sh\"\n";
			showEnvVarsInLog = 0;
		};
		535120083016C76DEA00CB1F /* [CP] Check Pods Manifest.lock */ = {
			isa = PBXShellScriptBuildPhase;
			buildActionMask = 2147483647;
			files = (
			);
			inputFileListPaths = (
			);
			inputPaths = (
				"${PODS_PODFILE_DIR_PATH}/Podfile.lock",
				"${PODS_ROOT}/Manifest.lock",
			);
			name = "[CP] Check Pods Manifest.lock";
			outputFileListPaths = (
			);
			outputPaths = (
				"$(DERIVED_FILE_DIR)/Pods-ThreeDays-checkManifestLockResult.txt",
			);
			runOnlyForDeploymentPostprocessing = 0;
			shellPath = /bin/sh;
			shellScript = "diff \"${PODS_PODFILE_DIR_PATH}/Podfile.lock\" \"${PODS_ROOT}/Manifest.lock\" > /dev/null\nif [ $? != 0 ] ; then\n    # print error to STDERR\n    echo \"error: The sandbox is not in sync with the Podfile.lock. Run 'pod install' or update your CocoaPods installation.\" >&2\n    exit 1\nfi\n# This output is used by Xcode 'outputs' to avoid re-running this script phase.\necho \"SUCCESS\" > \"${SCRIPT_OUTPUT_FILE_0}\"\n";
			showEnvVarsInLog = 0;
		};
/* End PBXShellScriptBuildPhase section */

/* Begin PBXSourcesBuildPhase section */
		449D3E10263AF3B10095DC12 /* Sources */ = {
			isa = PBXSourcesBuildPhase;
			buildActionMask = 2147483647;
			files = (
				4445862D2647B2CB007E87C3 /* WeatherViewModel.swift in Sources */,
				440E78FD26440E1E00105EB7 /* WeatherService.swift in Sources */,
				4406D539265012C400F9183E /* DayListView.swift in Sources */,
				449D3E1A263AF3B10095DC12 /* ContentView.swift in Sources */,
				440E78ED2643E60300105EB7 /* BlurView.swift in Sources */,
				442B0AB1264E6F0800E6B6D7 /* DayView.swift in Sources */,
				44C727E026463FF600F83303 /* LocationService.swift in Sources */,
				44C727E226465FF100F83303 /* NetworkService.swift in Sources */,
				449D3E18263AF3B10095DC12 /* ThreeDaysApp.swift in Sources */,
				440E78FF2644CCF600105EB7 /* WeatherModel.swift in Sources */,
				4465403A26482B20007A7961 /* LocationModel.swift in Sources */,
				44FEBAED264392EB00DD785C /* LottieView.swift in Sources */,
				44F999182652702A00F6D646 /* CityListView.swift in Sources */,
			);
			runOnlyForDeploymentPostprocessing = 0;
		};
/* End PBXSourcesBuildPhase section */

/* Begin XCBuildConfiguration section */
		449D3E21263AF3B20095DC12 /* Debug */ = {
			isa = XCBuildConfiguration;
			buildSettings = {
				ALWAYS_SEARCH_USER_PATHS = NO;
				CLANG_ANALYZER_NONNULL = YES;
				CLANG_ANALYZER_NUMBER_OBJECT_CONVERSION = YES_AGGRESSIVE;
				CLANG_CXX_LANGUAGE_STANDARD = "gnu++14";
				CLANG_CXX_LIBRARY = "libc++";
				CLANG_ENABLE_MODULES = YES;
				CLANG_ENABLE_OBJC_ARC = YES;
				CLANG_ENABLE_OBJC_WEAK = YES;
				CLANG_WARN_BLOCK_CAPTURE_AUTORELEASING = YES;
				CLANG_WARN_BOOL_CONVERSION = YES;
				CLANG_WARN_COMMA = YES;
				CLANG_WARN_CONSTANT_CONVERSION = YES;
				CLANG_WARN_DEPRECATED_OBJC_IMPLEMENTATIONS = YES;
				CLANG_WARN_DIRECT_OBJC_ISA_USAGE = YES_ERROR;
				CLANG_WARN_DOCUMENTATION_COMMENTS = YES;
				CLANG_WARN_EMPTY_BODY = YES;
				CLANG_WARN_ENUM_CONVERSION = YES;
				CLANG_WARN_INFINITE_RECURSION = YES;
				CLANG_WARN_INT_CONVERSION = YES;
				CLANG_WARN_NON_LITERAL_NULL_CONVERSION = YES;
				CLANG_WARN_OBJC_IMPLICIT_RETAIN_SELF = YES;
				CLANG_WARN_OBJC_LITERAL_CONVERSION = YES;
				CLANG_WARN_OBJC_ROOT_CLASS = YES_ERROR;
				CLANG_WARN_QUOTED_INCLUDE_IN_FRAMEWORK_HEADER = YES;
				CLANG_WARN_RANGE_LOOP_ANALYSIS = YES;
				CLANG_WARN_STRICT_PROTOTYPES = YES;
				CLANG_WARN_SUSPICIOUS_MOVE = YES;
				CLANG_WARN_UNGUARDED_AVAILABILITY = YES_AGGRESSIVE;
				CLANG_WARN_UNREACHABLE_CODE = YES;
				CLANG_WARN__DUPLICATE_METHOD_MATCH = YES;
				COPY_PHASE_STRIP = NO;
				DEBUG_INFORMATION_FORMAT = dwarf;
				ENABLE_STRICT_OBJC_MSGSEND = YES;
				ENABLE_TESTABILITY = YES;
				GCC_C_LANGUAGE_STANDARD = gnu11;
				GCC_DYNAMIC_NO_PIC = NO;
				GCC_NO_COMMON_BLOCKS = YES;
				GCC_OPTIMIZATION_LEVEL = 0;
				GCC_PREPROCESSOR_DEFINITIONS = (
					"DEBUG=1",
					"$(inherited)",
				);
				GCC_WARN_64_TO_32_BIT_CONVERSION = YES;
				GCC_WARN_ABOUT_RETURN_TYPE = YES_ERROR;
				GCC_WARN_UNDECLARED_SELECTOR = YES;
				GCC_WARN_UNINITIALIZED_AUTOS = YES_AGGRESSIVE;
				GCC_WARN_UNUSED_FUNCTION = YES;
				GCC_WARN_UNUSED_VARIABLE = YES;
				IPHONEOS_DEPLOYMENT_TARGET = 14.5;
				MTL_ENABLE_DEBUG_INFO = INCLUDE_SOURCE;
				MTL_FAST_MATH = YES;
				ONLY_ACTIVE_ARCH = YES;
				SDKROOT = iphoneos;
				SWIFT_ACTIVE_COMPILATION_CONDITIONS = DEBUG;
				SWIFT_OPTIMIZATION_LEVEL = "-Onone";
			};
			name = Debug;
		};
		449D3E22263AF3B20095DC12 /* Release */ = {
			isa = XCBuildConfiguration;
			buildSettings = {
				ALWAYS_SEARCH_USER_PATHS = NO;
				CLANG_ANALYZER_NONNULL = YES;
				CLANG_ANALYZER_NUMBER_OBJECT_CONVERSION = YES_AGGRESSIVE;
				CLANG_CXX_LANGUAGE_STANDARD = "gnu++14";
				CLANG_CXX_LIBRARY = "libc++";
				CLANG_ENABLE_MODULES = YES;
				CLANG_ENABLE_OBJC_ARC = YES;
				CLANG_ENABLE_OBJC_WEAK = YES;
				CLANG_WARN_BLOCK_CAPTURE_AUTORELEASING = YES;
				CLANG_WARN_BOOL_CONVERSION = YES;
				CLANG_WARN_COMMA = YES;
				CLANG_WARN_CONSTANT_CONVERSION = YES;
				CLANG_WARN_DEPRECATED_OBJC_IMPLEMENTATIONS = YES;
				CLANG_WARN_DIRECT_OBJC_ISA_USAGE = YES_ERROR;
				CLANG_WARN_DOCUMENTATION_COMMENTS = YES;
				CLANG_WARN_EMPTY_BODY = YES;
				CLANG_WARN_ENUM_CONVERSION = YES;
				CLANG_WARN_INFINITE_RECURSION = YES;
				CLANG_WARN_INT_CONVERSION = YES;
				CLANG_WARN_NON_LITERAL_NULL_CONVERSION = YES;
				CLANG_WARN_OBJC_IMPLICIT_RETAIN_SELF = YES;
				CLANG_WARN_OBJC_LITERAL_CONVERSION = YES;
				CLANG_WARN_OBJC_ROOT_CLASS = YES_ERROR;
				CLANG_WARN_QUOTED_INCLUDE_IN_FRAMEWORK_HEADER = YES;
				CLANG_WARN_RANGE_LOOP_ANALYSIS = YES;
				CLANG_WARN_STRICT_PROTOTYPES = YES;
				CLANG_WARN_SUSPICIOUS_MOVE = YES;
				CLANG_WARN_UNGUARDED_AVAILABILITY = YES_AGGRESSIVE;
				CLANG_WARN_UNREACHABLE_CODE = YES;
				CLANG_WARN__DUPLICATE_METHOD_MATCH = YES;
				COPY_PHASE_STRIP = NO;
				DEBUG_INFORMATION_FORMAT = "dwarf-with-dsym";
				ENABLE_NS_ASSERTIONS = NO;
				ENABLE_STRICT_OBJC_MSGSEND = YES;
				GCC_C_LANGUAGE_STANDARD = gnu11;
				GCC_NO_COMMON_BLOCKS = YES;
				GCC_WARN_64_TO_32_BIT_CONVERSION = YES;
				GCC_WARN_ABOUT_RETURN_TYPE = YES_ERROR;
				GCC_WARN_UNDECLARED_SELECTOR = YES;
				GCC_WARN_UNINITIALIZED_AUTOS = YES_AGGRESSIVE;
				GCC_WARN_UNUSED_FUNCTION = YES;
				GCC_WARN_UNUSED_VARIABLE = YES;
				IPHONEOS_DEPLOYMENT_TARGET = 14.5;
				MTL_ENABLE_DEBUG_INFO = NO;
				MTL_FAST_MATH = YES;
				SDKROOT = iphoneos;
				SWIFT_COMPILATION_MODE = wholemodule;
				SWIFT_OPTIMIZATION_LEVEL = "-O";
				VALIDATE_PRODUCT = YES;
			};
			name = Release;
		};
		449D3E24263AF3B20095DC12 /* Debug */ = {
			isa = XCBuildConfiguration;
			baseConfigurationReference = C7EA143E1CDAEDDD90C8DD4B /* Pods-ThreeDays.debug.xcconfig */;
			buildSettings = {
				ASSETCATALOG_COMPILER_APPICON_NAME = AppIcon;
				ASSETCATALOG_COMPILER_GLOBAL_ACCENT_COLOR_NAME = AccentColor;
				CODE_SIGN_STYLE = Automatic;
				DEVELOPMENT_ASSET_PATHS = "\"ThreeDays/Preview Content\"";
				DEVELOPMENT_TEAM = 7PN847NX57;
				ENABLE_PREVIEWS = YES;
				INFOPLIST_FILE = ThreeDays/Info.plist;
				IPHONEOS_DEPLOYMENT_TARGET = 14.0;
				LD_RUNPATH_SEARCH_PATHS = (
					"$(inherited)",
					"@executable_path/Frameworks",
				);
				PRODUCT_BUNDLE_IDENTIFIER = koen.chen.ThreeDays;
				PRODUCT_NAME = "$(TARGET_NAME)";
				SWIFT_VERSION = 5.0;
				TARGETED_DEVICE_FAMILY = "1,2";
			};
			name = Debug;
		};
		449D3E25263AF3B20095DC12 /* Release */ = {
			isa = XCBuildConfiguration;
			baseConfigurationReference = E68F2658CD365689B838A8D6 /* Pods-ThreeDays.release.xcconfig */;
			buildSettings = {
				ASSETCATALOG_COMPILER_APPICON_NAME = AppIcon;
				ASSETCATALOG_COMPILER_GLOBAL_ACCENT_COLOR_NAME = AccentColor;
				CODE_SIGN_STYLE = Automatic;
				DEVELOPMENT_ASSET_PATHS = "\"ThreeDays/Preview Content\"";
				DEVELOPMENT_TEAM = 7PN847NX57;
				ENABLE_PREVIEWS = YES;
				INFOPLIST_FILE = ThreeDays/Info.plist;
				IPHONEOS_DEPLOYMENT_TARGET = 14.0;
				LD_RUNPATH_SEARCH_PATHS = (
					"$(inherited)",
					"@executable_path/Frameworks",
				);
				PRODUCT_BUNDLE_IDENTIFIER = koen.chen.ThreeDays;
				PRODUCT_NAME = "$(TARGET_NAME)";
				SWIFT_VERSION = 5.0;
				TARGETED_DEVICE_FAMILY = "1,2";
			};
			name = Release;
		};
/* End XCBuildConfiguration section */

/* Begin XCConfigurationList section */
		449D3E0F263AF3B10095DC12 /* Build configuration list for PBXProject "ThreeDays" */ = {
			isa = XCConfigurationList;
			buildConfigurations = (
				449D3E21263AF3B20095DC12 /* Debug */,
				449D3E22263AF3B20095DC12 /* Release */,
			);
			defaultConfigurationIsVisible = 0;
			defaultConfigurationName = Release;
		};
		449D3E23263AF3B20095DC12 /* Build configuration list for PBXNativeTarget "ThreeDays" */ = {
			isa = XCConfigurationList;
			buildConfigurations = (
				449D3E24263AF3B20095DC12 /* Debug */,
				449D3E25263AF3B20095DC12 /* Release */,
			);
			defaultConfigurationIsVisible = 0;
			defaultConfigurationName = Release;
		};
/* End XCConfigurationList section */
	};
	rootObject = 449D3E0C263AF3B10095DC12 /* Project object */;
}
